Microsoft Visual Studio Solution File, Format Version 10.00
# Visual Studio 2008
Project("{8BC9CEB8-8B4A-11D0-8D11-00A0C91BC942}") = "ALL_BUILD", "ALL_BUILD.vcproj", "{1A5C4452-9FCF-4965-AA4A-DEE3128FD438}"
	ProjectSection(ProjectDependencies) = postProject
		{4051FF72-7E4F-4FDB-B12F-595D864251AC} = {4051FF72-7E4F-4FDB-B12F-595D864251AC}
		{AF67AA68-08B1-4DA0-8B54-E2B8F3818052} = {AF67AA68-08B1-4DA0-8B54-E2B8F3818052}
		{1CC11C08-6278-4632-8D7E-BB583FC8C8EB} = {1CC11C08-6278-4632-8D7E-BB583FC8C8EB}
		{7A0E2E07-8E51-4C97-A617-250A6897FAEA} = {7A0E2E07-8E51-4C97-A617-250A6897FAEA}
		{21A9D093-252B-4FAF-97A7-04838DE9ADBF} = {21A9D093-252B-4FAF-97A7-04838DE9ADBF}
		{3BF2243E-A13D-4580-960D-B396981D82BE} = {3BF2243E-A13D-4580-960D-B396981D82BE}
		{3A5EA9FC-7E0B-4289-AE2A-A4949D97D310} = {3A5EA9FC-7E0B-4289-AE2A-A4949D97D310}
		{B7DDEFE8-50B5-4C23-AC88-8A915D212F18} = {B7DDEFE8-50B5-4C23-AC88-8A915D212F18}
		{5C1CC00F-487C-415D-BBA3-2273A2D212EE} = {5C1CC00F-487C-415D-BBA3-2273A2D212EE}
		{F1DD6817-8847-4039-9330-D69CE2CD787A} = {F1DD6817-8847-4039-9330-D69CE2CD787A}
		{201B0E2A-F5E8-412A-97E1-B1A490A9D3EA} = {201B0E2A-F5E8-412A-97E1-B1A490A9D3EA}
		{5723F9E0-7B58-4B18-999C-B254100691A6} = {5723F9E0-7B58-4B18-999C-B254100691A6}
		{492A1F82-0954-4661-8FEC-5701F1C9DFA8} = {492A1F82-0954-4661-8FEC-5701F1C9DFA8}
		{85DE93E2-34FA-4192-8809-91B75110416C} = {85DE93E2-34FA-4192-8809-91B75110416C}
		{4E0E0131-8A46-48C5-BAE4-6CBA00124397} = {4E0E0131-8A46-48C5-BAE4-6CBA00124397}
		{8873D449-DFBA-4CDB-B70F-3464207CB9E4} = {8873D449-DFBA-4CDB-B70F-3464207CB9E4}
		{CAE96A86-3C60-4463-BCB2-5078F794CB32} = {CAE96A86-3C60-4463-BCB2-5078F794CB32}
		{9DCA790E-E284-479F-9421-5477F5928361} = {9DCA790E-E284-479F-9421-5477F5928361}
		{79580D02-5A10-45A7-A03F-61C708FF63A6} = {79580D02-5A10-45A7-A03F-61C708FF63A6}
		{FD7FF30E-5B40-4313-8218-7B43BE971961} = {FD7FF30E-5B40-4313-8218-7B43BE971961}
		{EF351D0A-0ECE-40D1-8C5B-8A2661EDF8BF} = {EF351D0A-0ECE-40D1-8C5B-8A2661EDF8BF}
		{81CC7671-3B12-4C0E-8E77-F6B18537BE0E} = {81CC7671-3B12-4C0E-8E77-F6B18537BE0E}
		{AED08D92-B114-46D8-98DB-B19F90D46221} = {AED08D92-B114-46D8-98DB-B19F90D46221}
		{56F1E687-BEA2-4F7C-930B-A2946F10B9EA} = {56F1E687-BEA2-4F7C-930B-A2946F10B9EA}
		{35651C63-3B49-464B-A955-9F375911E26E} = {35651C63-3B49-464B-A955-9F375911E26E}
		{4B2FCB0F-7DB9-415A-9882-C3F24D02B281} = {4B2FCB0F-7DB9-415A-9882-C3F24D02B281}
		{CA480F62-13A9-4320-8E9D-596A022E31BB} = {CA480F62-13A9-4320-8E9D-596A022E31BB}
		{F8395AD9-67F1-4CB8-8BF5-069442441F41} = {F8395AD9-67F1-4CB8-8BF5-069442441F41}
		{AF5CFD02-980F-44A1-A0C5-C8FD1AB58583} = {AF5CFD02-980F-44A1-A0C5-C8FD1AB58583}
		{606B81EF-6F88-4973-8BD4-DD23F095F0AB} = {606B81EF-6F88-4973-8BD4-DD23F095F0AB}
		{273F5D7E-DAFB-439B-BC21-B9ACE7F87AC0} = {273F5D7E-DAFB-439B-BC21-B9ACE7F87AC0}
		{FD7FED2D-8D8A-44A9-BE32-6681DB0EECFF} = {FD7FED2D-8D8A-44A9-BE32-6681DB0EECFF}
		{1047FBCA-049A-412C-9DE1-FE9EB529EB38} = {1047FBCA-049A-412C-9DE1-FE9EB529EB38}
		{3B24B026-7969-46E2-9485-8D6DCCD74F35} = {3B24B026-7969-46E2-9485-8D6DCCD74F35}
		{AAC4A217-ADE0-4F9F-9077-92816C5AA65F} = {AAC4A217-ADE0-4F9F-9077-92816C5AA65F}
		{E7540678-16F9-4AB1-8CD4-F089690CF3B1} = {E7540678-16F9-4AB1-8CD4-F089690CF3B1}
		{11A80B11-C171-4F28-951F-05C562062991} = {11A80B11-C171-4F28-951F-05C562062991}
		{56C7A27C-BFE2-4EEA-BDAC-EA628436C8F2} = {56C7A27C-BFE2-4EEA-BDAC-EA628436C8F2}
		{2D610781-24B7-437D-B5D1-25128FFECF6A} = {2D610781-24B7-437D-B5D1-25128FFECF6A}
		{3801BF9F-EBD4-453A-B862-A629AC080246} = {3801BF9F-EBD4-453A-B862-A629AC080246}
		{15646327-BF0F-4332-910F-93FAD4472D20} = {15646327-BF0F-4332-910F-93FAD4472D20}
		{625D7B7E-675B-48E7-9AA7-5F35A183ADBA} = {625D7B7E-675B-48E7-9AA7-5F35A183ADBA}
		{E6B8FCE6-29E1-4811-96ED-987121477813} = {E6B8FCE6-29E1-4811-96ED-987121477813}
		{762E3B28-05E7-44C8-A4ED-8B136B74840C} = {762E3B28-05E7-44C8-A4ED-8B136B74840C}
		{0546CE4F-C147-4729-B88F-5D192F86CF27} = {0546CE4F-C147-4729-B88F-5D192F86CF27}
		{B3037F80-BD82-4ADC-B74F-98F10B55D998} = {B3037F80-BD82-4ADC-B74F-98F10B55D998}
		{04847A5B-9153-463F-A1E6-CDA8F2E9EAE5} = {04847A5B-9153-463F-A1E6-CDA8F2E9EAE5}
		{B378D6DA-2A34-4554-BB01-6E33D83AD4B4} = {B378D6DA-2A34-4554-BB01-6E33D83AD4B4}
		{49D8E01D-44C4-4364-91AC-E70D35F270A3} = {49D8E01D-44C4-4364-91AC-E70D35F270A3}
		{88921A01-B5E9-4BD3-8D84-FC7740223600} = {88921A01-B5E9-4BD3-8D84-FC7740223600}
		{0DE9FFF9-8C42-4262-9167-AE709F55F8D8} = {0DE9FFF9-8C42-4262-9167-AE709F55F8D8}
		{CBAFC9BA-611A-4242-89AA-E36786C9514E} = {CBAFC9BA-611A-4242-89AA-E36786C9514E}
		{D9306BA4-E252-41DE-B703-ABEDCCF9AE87} = {D9306BA4-E252-41DE-B703-ABEDCCF9AE87}
		{AFB9135B-5F22-4BE6-8DB0-3C0651C5198F} = {AFB9135B-5F22-4BE6-8DB0-3C0651C5198F}
		{E9213137-8AA2-44FF-9267-FC009A696A41} = {E9213137-8AA2-44FF-9267-FC009A696A41}
		{5FB6546F-D213-4D85-B1B3-A5D10D169A95} = {5FB6546F-D213-4D85-B1B3-A5D10D169A95}
		{B532D41C-D3E2-4BFB-9A77-C64281D214A0} = {B532D41C-D3E2-4BFB-9A77-C64281D214A0}
		{B722B4E1-F715-41CD-A7C9-CCF02F62944E} = {B722B4E1-F715-41CD-A7C9-CCF02F62944E}
		{65E9F9D8-21F2-4BFA-AE0C-C88F58626399} = {65E9F9D8-21F2-4BFA-AE0C-C88F58626399}
		{4C97BB70-91F1-4666-A5E4-7C3654994F2A} = {4C97BB70-91F1-4666-A5E4-7C3654994F2A}
		{B840F23D-329A-4863-9E23-77E00F2A6C82} = {B840F23D-329A-4863-9E23-77E00F2A6C82}
		{0E1D381A-28E2-46AF-BE6B-8F60CA6ED547} = {0E1D381A-28E2-46AF-BE6B-8F60CA6ED547}
	EndProjectSection
EndProject
Project("{8BC9CEB8-8B4A-11D0-8D11-00A0C91BC942}") = "AppAllBulletDemos", "Demos\AllBulletDemos\AppAllBulletDemos.vcproj", "{4051FF72-7E4F-4FDB-B12F-595D864251AC}"
	ProjectSection(ProjectDependencies) = postProject
		{762E3B28-05E7-44C8-A4ED-8B136B74840C} = {762E3B28-05E7-44C8-A4ED-8B136B74840C}
		{0546CE4F-C147-4729-B88F-5D192F86CF27} = {0546CE4F-C147-4729-B88F-5D192F86CF27}
		{B3037F80-BD82-4ADC-B74F-98F10B55D998} = {B3037F80-BD82-4ADC-B74F-98F10B55D998}
		{04847A5B-9153-463F-A1E6-CDA8F2E9EAE5} = {04847A5B-9153-463F-A1E6-CDA8F2E9EAE5}
		{B378D6DA-2A34-4554-BB01-6E33D83AD4B4} = {B378D6DA-2A34-4554-BB01-6E33D83AD4B4}
		{D9306BA4-E252-41DE-B703-ABEDCCF9AE87} = {D9306BA4-E252-41DE-B703-ABEDCCF9AE87}
		{AFB9135B-5F22-4BE6-8DB0-3C0651C5198F} = {AFB9135B-5F22-4BE6-8DB0-3C0651C5198F}
		{E9213137-8AA2-44FF-9267-FC009A696A41} = {E9213137-8AA2-44FF-9267-FC009A696A41}
		{5FB6546F-D213-4D85-B1B3-A5D10D169A95} = {5FB6546F-D213-4D85-B1B3-A5D10D169A95}
		{B532D41C-D3E2-4BFB-9A77-C64281D214A0} = {B532D41C-D3E2-4BFB-9A77-C64281D214A0}
		{65E9F9D8-21F2-4BFA-AE0C-C88F58626399} = {65E9F9D8-21F2-4BFA-AE0C-C88F58626399}
		{B840F23D-329A-4863-9E23-77E00F2A6C82} = {B840F23D-329A-4863-9E23-77E00F2A6C82}
		{0E1D381A-28E2-46AF-BE6B-8F60CA6ED547} = {0E1D381A-28E2-46AF-BE6B-8F60CA6ED547}
	EndProjectSection
EndProject
Project("{8BC9CEB8-8B4A-11D0-8D11-00A0C91BC942}") = "AppBasicDemo", "Demos\BasicDemo\AppBasicDemo.vcproj", "{AF67AA68-08B1-4DA0-8B54-E2B8F3818052}"
	ProjectSection(ProjectDependencies) = postProject
		{762E3B28-05E7-44C8-A4ED-8B136B74840C} = {762E3B28-05E7-44C8-A4ED-8B136B74840C}
		{0546CE4F-C147-4729-B88F-5D192F86CF27} = {0546CE4F-C147-4729-B88F-5D192F86CF27}
		{65E9F9D8-21F2-4BFA-AE0C-C88F58626399} = {65E9F9D8-21F2-4BFA-AE0C-C88F58626399}
		{B840F23D-329A-4863-9E23-77E00F2A6C82} = {B840F23D-329A-4863-9E23-77E00F2A6C82}
		{0E1D381A-28E2-46AF-BE6B-8F60CA6ED547} = {0E1D381A-28E2-46AF-BE6B-8F60CA6ED547}
	EndProjectSection
EndProject
Project("{8BC9CEB8-8B4A-11D0-8D11-00A0C91BC942}") = "AppBenchmarks", "Demos\Benchmarks\AppBenchmarks.vcproj", "{1CC11C08-6278-4632-8D7E-BB583FC8C8EB}"
	ProjectSection(ProjectDependencies) = postProject
		{762E3B28-05E7-44C8-A4ED-8B136B74840C} = {762E3B28-05E7-44C8-A4ED-8B136B74840C}
		{0546CE4F-C147-4729-B88F-5D192F86CF27} = {0546CE4F-C147-4729-B88F-5D192F86CF27}
		{65E9F9D8-21F2-4BFA-AE0C-C88F58626399} = {65E9F9D8-21F2-4BFA-AE0C-C88F58626399}
		{B840F23D-329A-4863-9E23-77E00F2A6C82} = {B840F23D-329A-4863-9E23-77E00F2A6C82}
		{0E1D381A-28E2-46AF-BE6B-8F60CA6ED547} = {0E1D381A-28E2-46AF-BE6B-8F60CA6ED547}
	EndProjectSection
EndProject
Project("{8BC9CEB8-8B4A-11D0-8D11-00A0C91BC942}") = "AppBox2dDemo", "Demos\Box2dDemo\AppBox2dDemo.vcproj", "{7A0E2E07-8E51-4C97-A617-250A6897FAEA}"
	ProjectSection(ProjectDependencies) = postProject
		{762E3B28-05E7-44C8-A4ED-8B136B74840C} = {762E3B28-05E7-44C8-A4ED-8B136B74840C}
		{0546CE4F-C147-4729-B88F-5D192F86CF27} = {0546CE4F-C147-4729-B88F-5D192F86CF27}
		{65E9F9D8-21F2-4BFA-AE0C-C88F58626399} = {65E9F9D8-21F2-4BFA-AE0C-C88F58626399}
		{B840F23D-329A-4863-9E23-77E00F2A6C82} = {B840F23D-329A-4863-9E23-77E00F2A6C82}
		{0E1D381A-28E2-46AF-BE6B-8F60CA6ED547} = {0E1D381A-28E2-46AF-BE6B-8F60CA6ED547}
	EndProjectSection
EndProject
Project("{8BC9CEB8-8B4A-11D0-8D11-00A0C91BC942}") = "AppBspPhysicsDemo", "Demos\BspDemo\AppBspPhysicsDemo.vcproj", "{21A9D093-252B-4FAF-97A7-04838DE9ADBF}"
	ProjectSection(ProjectDependencies) = postProject
		{762E3B28-05E7-44C8-A4ED-8B136B74840C} = {762E3B28-05E7-44C8-A4ED-8B136B74840C}
		{0546CE4F-C147-4729-B88F-5D192F86CF27} = {0546CE4F-C147-4729-B88F-5D192F86CF27}
		{65E9F9D8-21F2-4BFA-AE0C-C88F58626399} = {65E9F9D8-21F2-4BFA-AE0C-C88F58626399}
		{B840F23D-329A-4863-9E23-77E00F2A6C82} = {B840F23D-329A-4863-9E23-77E00F2A6C82}
		{0E1D381A-28E2-46AF-BE6B-8F60CA6ED547} = {0E1D381A-28E2-46AF-BE6B-8F60CA6ED547}
	EndProjectSection
EndProject
Project("{8BC9CEB8-8B4A-11D0-8D11-00A0C91BC942}") = "AppCcdPhysicsDemo", "Demos\CcdPhysicsDemo\AppCcdPhysicsDemo.vcproj", "{3BF2243E-A13D-4580-960D-B396981D82BE}"
	ProjectSection(ProjectDependencies) = postProject
		{762E3B28-05E7-44C8-A4ED-8B136B74840C} = {762E3B28-05E7-44C8-A4ED-8B136B74840C}
		{0546CE4F-C147-4729-B88F-5D192F86CF27} = {0546CE4F-C147-4729-B88F-5D192F86CF27}
		{65E9F9D8-21F2-4BFA-AE0C-C88F58626399} = {65E9F9D8-21F2-4BFA-AE0C-C88F58626399}
		{B840F23D-329A-4863-9E23-77E00F2A6C82} = {B840F23D-329A-4863-9E23-77E00F2A6C82}
		{0E1D381A-28E2-46AF-BE6B-8F60CA6ED547} = {0E1D381A-28E2-46AF-BE6B-8F60CA6ED547}
	EndProjectSection
EndProject
Project("{8BC9CEB8-8B4A-11D0-8D11-00A0C91BC942}") = "AppCharacterDemo", "Demos\CharacterDemo\AppCharacterDemo.vcproj", "{3A5EA9FC-7E0B-4289-AE2A-A4949D97D310}"
	ProjectSection(ProjectDependencies) = postProject
		{762E3B28-05E7-44C8-A4ED-8B136B74840C} = {762E3B28-05E7-44C8-A4ED-8B136B74840C}
		{0546CE4F-C147-4729-B88F-5D192F86CF27} = {0546CE4F-C147-4729-B88F-5D192F86CF27}
		{65E9F9D8-21F2-4BFA-AE0C-C88F58626399} = {65E9F9D8-21F2-4BFA-AE0C-C88F58626399}
		{B840F23D-329A-4863-9E23-77E00F2A6C82} = {B840F23D-329A-4863-9E23-77E00F2A6C82}
		{0E1D381A-28E2-46AF-BE6B-8F60CA6ED547} = {0E1D381A-28E2-46AF-BE6B-8F60CA6ED547}
	EndProjectSection
EndProject
Project("{8BC9CEB8-8B4A-11D0-8D11-00A0C91BC942}") = "AppCollisionDemo", "Demos\CollisionDemo\AppCollisionDemo.vcproj", "{B7DDEFE8-50B5-4C23-AC88-8A915D212F18}"
	ProjectSection(ProjectDependencies) = postProject
		{762E3B28-05E7-44C8-A4ED-8B136B74840C} = {762E3B28-05E7-44C8-A4ED-8B136B74840C}
		{0546CE4F-C147-4729-B88F-5D192F86CF27} = {0546CE4F-C147-4729-B88F-5D192F86CF27}
		{65E9F9D8-21F2-4BFA-AE0C-C88F58626399} = {65E9F9D8-21F2-4BFA-AE0C-C88F58626399}
		{B840F23D-329A-4863-9E23-77E00F2A6C82} = {B840F23D-329A-4863-9E23-77E00F2A6C82}
		{0E1D381A-28E2-46AF-BE6B-8F60CA6ED547} = {0E1D381A-28E2-46AF-BE6B-8F60CA6ED547}
	EndProjectSection
EndProject
Project("{8BC9CEB8-8B4A-11D0-8D11-00A0C91BC942}") = "AppCollisionInterfaceDemo", "Demos\CollisionInterfaceDemo\AppCollisionInterfaceDemo.vcproj", "{5C1CC00F-487C-415D-BBA3-2273A2D212EE}"
	ProjectSection(ProjectDependencies) = postProject
		{762E3B28-05E7-44C8-A4ED-8B136B74840C} = {762E3B28-05E7-44C8-A4ED-8B136B74840C}
		{0546CE4F-C147-4729-B88F-5D192F86CF27} = {0546CE4F-C147-4729-B88F-5D192F86CF27}
		{65E9F9D8-21F2-4BFA-AE0C-C88F58626399} = {65E9F9D8-21F2-4BFA-AE0C-C88F58626399}
		{B840F23D-329A-4863-9E23-77E00F2A6C82} = {B840F23D-329A-4863-9E23-77E00F2A6C82}
		{0E1D381A-28E2-46AF-BE6B-8F60CA6ED547} = {0E1D381A-28E2-46AF-BE6B-8F60CA6ED547}
	EndProjectSection
EndProject
Project("{8BC9CEB8-8B4A-11D0-8D11-00A0C91BC942}") = "AppConcaveConvexCastDemo", "Demos\ConcaveConvexcastDemo\AppConcaveConvexCastDemo.vcproj", "{F1DD6817-8847-4039-9330-D69CE2CD787A}"
	ProjectSection(ProjectDependencies) = postProject
		{762E3B28-05E7-44C8-A4ED-8B136B74840C} = {762E3B28-05E7-44C8-A4ED-8B136B74840C}
		{0546CE4F-C147-4729-B88F-5D192F86CF27} = {0546CE4F-C147-4729-B88F-5D192F86CF27}
		{65E9F9D8-21F2-4BFA-AE0C-C88F58626399} = {65E9F9D8-21F2-4BFA-AE0C-C88F58626399}
		{B840F23D-329A-4863-9E23-77E00F2A6C82} = {B840F23D-329A-4863-9E23-77E00F2A6C82}
		{0E1D381A-28E2-46AF-BE6B-8F60CA6ED547} = {0E1D381A-28E2-46AF-BE6B-8F60CA6ED547}
	EndProjectSection
EndProject
Project("{8BC9CEB8-8B4A-11D0-8D11-00A0C91BC942}") = "AppConcaveDemo", "Demos\ConcaveDemo\AppConcaveDemo.vcproj", "{201B0E2A-F5E8-412A-97E1-B1A490A9D3EA}"
	ProjectSection(ProjectDependencies) = postProject
		{762E3B28-05E7-44C8-A4ED-8B136B74840C} = {762E3B28-05E7-44C8-A4ED-8B136B74840C}
		{0546CE4F-C147-4729-B88F-5D192F86CF27} = {0546CE4F-C147-4729-B88F-5D192F86CF27}
		{B3037F80-BD82-4ADC-B74F-98F10B55D998} = {B3037F80-BD82-4ADC-B74F-98F10B55D998}
		{D9306BA4-E252-41DE-B703-ABEDCCF9AE87} = {D9306BA4-E252-41DE-B703-ABEDCCF9AE87}
		{65E9F9D8-21F2-4BFA-AE0C-C88F58626399} = {65E9F9D8-21F2-4BFA-AE0C-C88F58626399}
		{B840F23D-329A-4863-9E23-77E00F2A6C82} = {B840F23D-329A-4863-9E23-77E00F2A6C82}
		{0E1D381A-28E2-46AF-BE6B-8F60CA6ED547} = {0E1D381A-28E2-46AF-BE6B-8F60CA6ED547}
	EndProjectSection
EndProject
Project("{8BC9CEB8-8B4A-11D0-8D11-00A0C91BC942}") = "AppConcaveRayCastDemo", "Demos\ConcaveRaycastDemo\AppConcaveRayCastDemo.vcproj", "{5723F9E0-7B58-4B18-999C-B254100691A6}"
	ProjectSection(ProjectDependencies) = postProject
		{762E3B28-05E7-44C8-A4ED-8B136B74840C} = {762E3B28-05E7-44C8-A4ED-8B136B74840C}
		{0546CE4F-C147-4729-B88F-5D192F86CF27} = {0546CE4F-C147-4729-B88F-5D192F86CF27}
		{65E9F9D8-21F2-4BFA-AE0C-C88F58626399} = {65E9F9D8-21F2-4BFA-AE0C-C88F58626399}
		{B840F23D-329A-4863-9E23-77E00F2A6C82} = {B840F23D-329A-4863-9E23-77E00F2A6C82}
		{0E1D381A-28E2-46AF-BE6B-8F60CA6ED547} = {0E1D381A-28E2-46AF-BE6B-8F60CA6ED547}
	EndProjectSection
EndProject
Project("{8BC9CEB8-8B4A-11D0-8D11-00A0C91BC942}") = "AppConstraintDemo", "Demos\ConstraintDemo\AppConstraintDemo.vcproj", "{492A1F82-0954-4661-8FEC-5701F1C9DFA8}"
	ProjectSection(ProjectDependencies) = postProject
		{762E3B28-05E7-44C8-A4ED-8B136B74840C} = {762E3B28-05E7-44C8-A4ED-8B136B74840C}
		{0546CE4F-C147-4729-B88F-5D192F86CF27} = {0546CE4F-C147-4729-B88F-5D192F86CF27}
		{B3037F80-BD82-4ADC-B74F-98F10B55D998} = {B3037F80-BD82-4ADC-B74F-98F10B55D998}
		{D9306BA4-E252-41DE-B703-ABEDCCF9AE87} = {D9306BA4-E252-41DE-B703-ABEDCCF9AE87}
		{65E9F9D8-21F2-4BFA-AE0C-C88F58626399} = {65E9F9D8-21F2-4BFA-AE0C-C88F58626399}
		{B840F23D-329A-4863-9E23-77E00F2A6C82} = {B840F23D-329A-4863-9E23-77E00F2A6C82}
		{0E1D381A-28E2-46AF-BE6B-8F60CA6ED547} = {0E1D381A-28E2-46AF-BE6B-8F60CA6ED547}
	EndProjectSection
EndProject
Project("{8BC9CEB8-8B4A-11D0-8D11-00A0C91BC942}") = "AppContinuousConvexCollisionDemo", "Demos\ContinuousConvexCollision\AppContinuousConvexCollisionDemo.vcproj", "{85DE93E2-34FA-4192-8809-91B75110416C}"
	ProjectSection(ProjectDependencies) = postProject
		{762E3B28-05E7-44C8-A4ED-8B136B74840C} = {762E3B28-05E7-44C8-A4ED-8B136B74840C}
		{0546CE4F-C147-4729-B88F-5D192F86CF27} = {0546CE4F-C147-4729-B88F-5D192F86CF27}
		{65E9F9D8-21F2-4BFA-AE0C-C88F58626399} = {65E9F9D8-21F2-4BFA-AE0C-C88F58626399}
		{B840F23D-329A-4863-9E23-77E00F2A6C82} = {B840F23D-329A-4863-9E23-77E00F2A6C82}
		{0E1D381A-28E2-46AF-BE6B-8F60CA6ED547} = {0E1D381A-28E2-46AF-BE6B-8F60CA6ED547}
	EndProjectSection
EndProject
Project("{8BC9CEB8-8B4A-11D0-8D11-00A0C91BC942}") = "AppConvexDecompositionDemo", "Demos\ConvexDecompositionDemo\AppConvexDecompositionDemo.vcproj", "{4E0E0131-8A46-48C5-BAE4-6CBA00124397}"
	ProjectSection(ProjectDependencies) = postProject
		{762E3B28-05E7-44C8-A4ED-8B136B74840C} = {762E3B28-05E7-44C8-A4ED-8B136B74840C}
		{0546CE4F-C147-4729-B88F-5D192F86CF27} = {0546CE4F-C147-4729-B88F-5D192F86CF27}
		{B3037F80-BD82-4ADC-B74F-98F10B55D998} = {B3037F80-BD82-4ADC-B74F-98F10B55D998}
		{D9306BA4-E252-41DE-B703-ABEDCCF9AE87} = {D9306BA4-E252-41DE-B703-ABEDCCF9AE87}
		{AFB9135B-5F22-4BE6-8DB0-3C0651C5198F} = {AFB9135B-5F22-4BE6-8DB0-3C0651C5198F}
		{B532D41C-D3E2-4BFB-9A77-C64281D214A0} = {B532D41C-D3E2-4BFB-9A77-C64281D214A0}
		{65E9F9D8-21F2-4BFA-AE0C-C88F58626399} = {65E9F9D8-21F2-4BFA-AE0C-C88F58626399}
		{B840F23D-329A-4863-9E23-77E00F2A6C82} = {B840F23D-329A-4863-9E23-77E00F2A6C82}
		{0E1D381A-28E2-46AF-BE6B-8F60CA6ED547} = {0E1D381A-28E2-46AF-BE6B-8F60CA6ED547}
	EndProjectSection
EndProject
Project("{8BC9CEB8-8B4A-11D0-8D11-00A0C91BC942}") = "AppConvexHullDistanceDemo", "Demos\ConvexHullDistance\AppConvexHullDistanceDemo.vcproj", "{8873D449-DFBA-4CDB-B70F-3464207CB9E4}"
	ProjectSection(ProjectDependencies) = postProject
		{762E3B28-05E7-44C8-A4ED-8B136B74840C} = {762E3B28-05E7-44C8-A4ED-8B136B74840C}
		{0546CE4F-C147-4729-B88F-5D192F86CF27} = {0546CE4F-C147-4729-B88F-5D192F86CF27}
		{65E9F9D8-21F2-4BFA-AE0C-C88F58626399} = {65E9F9D8-21F2-4BFA-AE0C-C88F58626399}
		{B840F23D-329A-4863-9E23-77E00F2A6C82} = {B840F23D-329A-4863-9E23-77E00F2A6C82}
		{0E1D381A-28E2-46AF-BE6B-8F60CA6ED547} = {0E1D381A-28E2-46AF-BE6B-8F60CA6ED547}
	EndProjectSection
EndProject
Project("{8BC9CEB8-8B4A-11D0-8D11-00A0C91BC942}") = "AppDX11ClothDemo", "Demos\DX11ClothDemo\AppDX11ClothDemo.vcproj", "{CAE96A86-3C60-4463-BCB2-5078F794CB32}"
	ProjectSection(ProjectDependencies) = postProject
		{762E3B28-05E7-44C8-A4ED-8B136B74840C} = {762E3B28-05E7-44C8-A4ED-8B136B74840C}
		{0546CE4F-C147-4729-B88F-5D192F86CF27} = {0546CE4F-C147-4729-B88F-5D192F86CF27}
		{B378D6DA-2A34-4554-BB01-6E33D83AD4B4} = {B378D6DA-2A34-4554-BB01-6E33D83AD4B4}
		{88921A01-B5E9-4BD3-8D84-FC7740223600} = {88921A01-B5E9-4BD3-8D84-FC7740223600}
		{65E9F9D8-21F2-4BFA-AE0C-C88F58626399} = {65E9F9D8-21F2-4BFA-AE0C-C88F58626399}
		{0E1D381A-28E2-46AF-BE6B-8F60CA6ED547} = {0E1D381A-28E2-46AF-BE6B-8F60CA6ED547}
	EndProjectSection
EndProject
Project("{8BC9CEB8-8B4A-11D0-8D11-00A0C91BC942}") = "AppDoublePrecisionDemo", "Demos\DoublePrecisionDemo\AppDoublePrecisionDemo.vcproj", "{9DCA790E-E284-479F-9421-5477F5928361}"
	ProjectSection(ProjectDependencies) = postProject
		{762E3B28-05E7-44C8-A4ED-8B136B74840C} = {762E3B28-05E7-44C8-A4ED-8B136B74840C}
		{0546CE4F-C147-4729-B88F-5D192F86CF27} = {0546CE4F-C147-4729-B88F-5D192F86CF27}
		{65E9F9D8-21F2-4BFA-AE0C-C88F58626399} = {65E9F9D8-21F2-4BFA-AE0C-C88F58626399}
		{B840F23D-329A-4863-9E23-77E00F2A6C82} = {B840F23D-329A-4863-9E23-77E00F2A6C82}
		{0E1D381A-28E2-46AF-BE6B-8F60CA6ED547} = {0E1D381A-28E2-46AF-BE6B-8F60CA6ED547}
	EndProjectSection
EndProject
Project("{8BC9CEB8-8B4A-11D0-8D11-00A0C91BC942}") = "AppForkLiftDemo", "Demos\ForkLiftDemo\AppForkLiftDemo.vcproj", "{79580D02-5A10-45A7-A03F-61C708FF63A6}"
	ProjectSection(ProjectDependencies) = postProject
		{762E3B28-05E7-44C8-A4ED-8B136B74840C} = {762E3B28-05E7-44C8-A4ED-8B136B74840C}
		{0546CE4F-C147-4729-B88F-5D192F86CF27} = {0546CE4F-C147-4729-B88F-5D192F86CF27}
		{65E9F9D8-21F2-4BFA-AE0C-C88F58626399} = {65E9F9D8-21F2-4BFA-AE0C-C88F58626399}
		{B840F23D-329A-4863-9E23-77E00F2A6C82} = {B840F23D-329A-4863-9E23-77E00F2A6C82}
		{0E1D381A-28E2-46AF-BE6B-8F60CA6ED547} = {0E1D381A-28E2-46AF-BE6B-8F60CA6ED547}
	EndProjectSection
EndProject
Project("{8BC9CEB8-8B4A-11D0-8D11-00A0C91BC942}") = "AppFractureDemo", "Demos\FractureDemo\AppFractureDemo.vcproj", "{FD7FF30E-5B40-4313-8218-7B43BE971961}"
	ProjectSection(ProjectDependencies) = postProject
		{762E3B28-05E7-44C8-A4ED-8B136B74840C} = {762E3B28-05E7-44C8-A4ED-8B136B74840C}
		{0546CE4F-C147-4729-B88F-5D192F86CF27} = {0546CE4F-C147-4729-B88F-5D192F86CF27}
		{65E9F9D8-21F2-4BFA-AE0C-C88F58626399} = {65E9F9D8-21F2-4BFA-AE0C-C88F58626399}
		{B840F23D-329A-4863-9E23-77E00F2A6C82} = {B840F23D-329A-4863-9E23-77E00F2A6C82}
		{0E1D381A-28E2-46AF-BE6B-8F60CA6ED547} = {0E1D381A-28E2-46AF-BE6B-8F60CA6ED547}
	EndProjectSection
EndProject
Project("{8BC9CEB8-8B4A-11D0-8D11-00A0C91BC942}") = "AppGenericJointDemo", "Demos\GenericJointDemo\AppGenericJointDemo.vcproj", "{EF351D0A-0ECE-40D1-8C5B-8A2661EDF8BF}"
	ProjectSection(ProjectDependencies) = postProject
		{762E3B28-05E7-44C8-A4ED-8B136B74840C} = {762E3B28-05E7-44C8-A4ED-8B136B74840C}
		{0546CE4F-C147-4729-B88F-5D192F86CF27} = {0546CE4F-C147-4729-B88F-5D192F86CF27}
		{65E9F9D8-21F2-4BFA-AE0C-C88F58626399} = {65E9F9D8-21F2-4BFA-AE0C-C88F58626399}
		{B840F23D-329A-4863-9E23-77E00F2A6C82} = {B840F23D-329A-4863-9E23-77E00F2A6C82}
		{0E1D381A-28E2-46AF-BE6B-8F60CA6ED547} = {0E1D381A-28E2-46AF-BE6B-8F60CA6ED547}
	EndProjectSection
EndProject
Project("{8BC9CEB8-8B4A-11D0-8D11-00A0C91BC942}") = "AppHelloWorld", "Demos\HelloWorld\AppHelloWorld.vcproj", "{81CC7671-3B12-4C0E-8E77-F6B18537BE0E}"
	ProjectSection(ProjectDependencies) = postProject
		{762E3B28-05E7-44C8-A4ED-8B136B74840C} = {762E3B28-05E7-44C8-A4ED-8B136B74840C}
		{0546CE4F-C147-4729-B88F-5D192F86CF27} = {0546CE4F-C147-4729-B88F-5D192F86CF27}
		{65E9F9D8-21F2-4BFA-AE0C-C88F58626399} = {65E9F9D8-21F2-4BFA-AE0C-C88F58626399}
		{0E1D381A-28E2-46AF-BE6B-8F60CA6ED547} = {0E1D381A-28E2-46AF-BE6B-8F60CA6ED547}
	EndProjectSection
EndProject
Project("{8BC9CEB8-8B4A-11D0-8D11-00A0C91BC942}") = "AppInternalEdgeDemo", "Demos\InternalEdgeDemo\AppInternalEdgeDemo.vcproj", "{AED08D92-B114-46D8-98DB-B19F90D46221}"
	ProjectSection(ProjectDependencies) = postProject
		{762E3B28-05E7-44C8-A4ED-8B136B74840C} = {762E3B28-05E7-44C8-A4ED-8B136B74840C}
		{0546CE4F-C147-4729-B88F-5D192F86CF27} = {0546CE4F-C147-4729-B88F-5D192F86CF27}
		{65E9F9D8-21F2-4BFA-AE0C-C88F58626399} = {65E9F9D8-21F2-4BFA-AE0C-C88F58626399}
		{B840F23D-329A-4863-9E23-77E00F2A6C82} = {B840F23D-329A-4863-9E23-77E00F2A6C82}
		{0E1D381A-28E2-46AF-BE6B-8F60CA6ED547} = {0E1D381A-28E2-46AF-BE6B-8F60CA6ED547}
	EndProjectSection
EndProject
Project("{8BC9CEB8-8B4A-11D0-8D11-00A0C91BC942}") = "AppLinearConvexCastDemo", "Demos\GjkConvexCastDemo\AppLinearConvexCastDemo.vcproj", "{56F1E687-BEA2-4F7C-930B-A2946F10B9EA}"
	ProjectSection(ProjectDependencies) = postProject
		{762E3B28-05E7-44C8-A4ED-8B136B74840C} = {762E3B28-05E7-44C8-A4ED-8B136B74840C}
		{0546CE4F-C147-4729-B88F-5D192F86CF27} = {0546CE4F-C147-4729-B88F-5D192F86CF27}
		{65E9F9D8-21F2-4BFA-AE0C-C88F58626399} = {65E9F9D8-21F2-4BFA-AE0C-C88F58626399}
		{B840F23D-329A-4863-9E23-77E00F2A6C82} = {B840F23D-329A-4863-9E23-77E00F2A6C82}
		{0E1D381A-28E2-46AF-BE6B-8F60CA6ED547} = {0E1D381A-28E2-46AF-BE6B-8F60CA6ED547}
	EndProjectSection
EndProject
Project("{8BC9CEB8-8B4A-11D0-8D11-00A0C91BC942}") = "AppMotorDemo", "Demos\DynamicControlDemo\AppMotorDemo.vcproj", "{35651C63-3B49-464B-A955-9F375911E26E}"
	ProjectSection(ProjectDependencies) = postProject
		{762E3B28-05E7-44C8-A4ED-8B136B74840C} = {762E3B28-05E7-44C8-A4ED-8B136B74840C}
		{0546CE4F-C147-4729-B88F-5D192F86CF27} = {0546CE4F-C147-4729-B88F-5D192F86CF27}
		{65E9F9D8-21F2-4BFA-AE0C-C88F58626399} = {65E9F9D8-21F2-4BFA-AE0C-C88F58626399}
		{B840F23D-329A-4863-9E23-77E00F2A6C82} = {B840F23D-329A-4863-9E23-77E00F2A6C82}
		{0E1D381A-28E2-46AF-BE6B-8F60CA6ED547} = {0E1D381A-28E2-46AF-BE6B-8F60CA6ED547}
	EndProjectSection
EndProject
Project("{8BC9CEB8-8B4A-11D0-8D11-00A0C91BC942}") = "AppMovingConcaveDemo", "Demos\MovingConcaveDemo\AppMovingConcaveDemo.vcproj", "{4B2FCB0F-7DB9-415A-9882-C3F24D02B281}"
	ProjectSection(ProjectDependencies) = postProject
		{762E3B28-05E7-44C8-A4ED-8B136B74840C} = {762E3B28-05E7-44C8-A4ED-8B136B74840C}
		{0546CE4F-C147-4729-B88F-5D192F86CF27} = {0546CE4F-C147-4729-B88F-5D192F86CF27}
		{65E9F9D8-21F2-4BFA-AE0C-C88F58626399} = {65E9F9D8-21F2-4BFA-AE0C-C88F58626399}
		{B840F23D-329A-4863-9E23-77E00F2A6C82} = {B840F23D-329A-4863-9E23-77E00F2A6C82}
		{0E1D381A-28E2-46AF-BE6B-8F60CA6ED547} = {0E1D381A-28E2-46AF-BE6B-8F60CA6ED547}
	EndProjectSection
EndProject
Project("{8BC9CEB8-8B4A-11D0-8D11-00A0C91BC942}") = "AppMultiMaterialDemo", "Demos\MultiMaterialDemo\AppMultiMaterialDemo.vcproj", "{CA480F62-13A9-4320-8E9D-596A022E31BB}"
	ProjectSection(ProjectDependencies) = postProject
		{762E3B28-05E7-44C8-A4ED-8B136B74840C} = {762E3B28-05E7-44C8-A4ED-8B136B74840C}
		{0546CE4F-C147-4729-B88F-5D192F86CF27} = {0546CE4F-C147-4729-B88F-5D192F86CF27}
		{65E9F9D8-21F2-4BFA-AE0C-C88F58626399} = {65E9F9D8-21F2-4BFA-AE0C-C88F58626399}
		{B840F23D-329A-4863-9E23-77E00F2A6C82} = {B840F23D-329A-4863-9E23-77E00F2A6C82}
		{0E1D381A-28E2-46AF-BE6B-8F60CA6ED547} = {0E1D381A-28E2-46AF-BE6B-8F60CA6ED547}
	EndProjectSection
EndProject
Project("{8BC9CEB8-8B4A-11D0-8D11-00A0C91BC942}") = "AppMultiThreadedDemo", "Demos\MultiThreadedDemo\AppMultiThreadedDemo.vcproj", "{F8395AD9-67F1-4CB8-8BF5-069442441F41}"
	ProjectSection(ProjectDependencies) = postProject
		{762E3B28-05E7-44C8-A4ED-8B136B74840C} = {762E3B28-05E7-44C8-A4ED-8B136B74840C}
		{0546CE4F-C147-4729-B88F-5D192F86CF27} = {0546CE4F-C147-4729-B88F-5D192F86CF27}
		{04847A5B-9153-463F-A1E6-CDA8F2E9EAE5} = {04847A5B-9153-463F-A1E6-CDA8F2E9EAE5}
		{65E9F9D8-21F2-4BFA-AE0C-C88F58626399} = {65E9F9D8-21F2-4BFA-AE0C-C88F58626399}
		{B840F23D-329A-4863-9E23-77E00F2A6C82} = {B840F23D-329A-4863-9E23-77E00F2A6C82}
		{0E1D381A-28E2-46AF-BE6B-8F60CA6ED547} = {0E1D381A-28E2-46AF-BE6B-8F60CA6ED547}
	EndProjectSection
EndProject
Project("{8BC9CEB8-8B4A-11D0-8D11-00A0C91BC942}") = "AppOpenCLClothDemo_Mini", "Demos\OpenCLClothDemo\MiniCL\AppOpenCLClothDemo_Mini.vcproj", "{AF5CFD02-980F-44A1-A0C5-C8FD1AB58583}"
	ProjectSection(ProjectDependencies) = postProject
		{762E3B28-05E7-44C8-A4ED-8B136B74840C} = {762E3B28-05E7-44C8-A4ED-8B136B74840C}
		{0546CE4F-C147-4729-B88F-5D192F86CF27} = {0546CE4F-C147-4729-B88F-5D192F86CF27}
		{04847A5B-9153-463F-A1E6-CDA8F2E9EAE5} = {04847A5B-9153-463F-A1E6-CDA8F2E9EAE5}
		{B378D6DA-2A34-4554-BB01-6E33D83AD4B4} = {B378D6DA-2A34-4554-BB01-6E33D83AD4B4}
		{49D8E01D-44C4-4364-91AC-E70D35F270A3} = {49D8E01D-44C4-4364-91AC-E70D35F270A3}
		{0DE9FFF9-8C42-4262-9167-AE709F55F8D8} = {0DE9FFF9-8C42-4262-9167-AE709F55F8D8}
		{65E9F9D8-21F2-4BFA-AE0C-C88F58626399} = {65E9F9D8-21F2-4BFA-AE0C-C88F58626399}
		{4C97BB70-91F1-4666-A5E4-7C3654994F2A} = {4C97BB70-91F1-4666-A5E4-7C3654994F2A}
		{B840F23D-329A-4863-9E23-77E00F2A6C82} = {B840F23D-329A-4863-9E23-77E00F2A6C82}
		{0E1D381A-28E2-46AF-BE6B-8F60CA6ED547} = {0E1D381A-28E2-46AF-BE6B-8F60CA6ED547}
	EndProjectSection
EndProject
Project("{8BC9CEB8-8B4A-11D0-8D11-00A0C91BC942}") = "AppOpenCLClothDemo_NVidia", "Demos\OpenCLClothDemo\NVidia\AppOpenCLClothDemo_NVidia.vcproj", "{606B81EF-6F88-4973-8BD4-DD23F095F0AB}"
	ProjectSection(ProjectDependencies) = postProject
		{762E3B28-05E7-44C8-A4ED-8B136B74840C} = {762E3B28-05E7-44C8-A4ED-8B136B74840C}
		{0546CE4F-C147-4729-B88F-5D192F86CF27} = {0546CE4F-C147-4729-B88F-5D192F86CF27}
		{04847A5B-9153-463F-A1E6-CDA8F2E9EAE5} = {04847A5B-9153-463F-A1E6-CDA8F2E9EAE5}
		{B378D6DA-2A34-4554-BB01-6E33D83AD4B4} = {B378D6DA-2A34-4554-BB01-6E33D83AD4B4}
		{CBAFC9BA-611A-4242-89AA-E36786C9514E} = {CBAFC9BA-611A-4242-89AA-E36786C9514E}
		{65E9F9D8-21F2-4BFA-AE0C-C88F58626399} = {65E9F9D8-21F2-4BFA-AE0C-C88F58626399}
		{B840F23D-329A-4863-9E23-77E00F2A6C82} = {B840F23D-329A-4863-9E23-77E00F2A6C82}
		{0E1D381A-28E2-46AF-BE6B-8F60CA6ED547} = {0E1D381A-28E2-46AF-BE6B-8F60CA6ED547}
	EndProjectSection
EndProject
Project("{8BC9CEB8-8B4A-11D0-8D11-00A0C91BC942}") = "AppParticlesOCL_Mini", "Demos\ParticlesOpenCL\MiniCL\AppParticlesOCL_Mini.vcproj", "{273F5D7E-DAFB-439B-BC21-B9ACE7F87AC0}"
	ProjectSection(ProjectDependencies) = postProject
		{762E3B28-05E7-44C8-A4ED-8B136B74840C} = {762E3B28-05E7-44C8-A4ED-8B136B74840C}
		{0546CE4F-C147-4729-B88F-5D192F86CF27} = {0546CE4F-C147-4729-B88F-5D192F86CF27}
		{04847A5B-9153-463F-A1E6-CDA8F2E9EAE5} = {04847A5B-9153-463F-A1E6-CDA8F2E9EAE5}
		{65E9F9D8-21F2-4BFA-AE0C-C88F58626399} = {65E9F9D8-21F2-4BFA-AE0C-C88F58626399}
		{4C97BB70-91F1-4666-A5E4-7C3654994F2A} = {4C97BB70-91F1-4666-A5E4-7C3654994F2A}
		{B840F23D-329A-4863-9E23-77E00F2A6C82} = {B840F23D-329A-4863-9E23-77E00F2A6C82}
		{0E1D381A-28E2-46AF-BE6B-8F60CA6ED547} = {0E1D381A-28E2-46AF-BE6B-8F60CA6ED547}
	EndProjectSection
EndProject
Project("{8BC9CEB8-8B4A-11D0-8D11-00A0C91BC942}") = "AppParticlesOCL_Nv", "Demos\ParticlesOpenCL\NVidia\AppParticlesOCL_Nv.vcproj", "{FD7FED2D-8D8A-44A9-BE32-6681DB0EECFF}"
	ProjectSection(ProjectDependencies) = postProject
		{762E3B28-05E7-44C8-A4ED-8B136B74840C} = {762E3B28-05E7-44C8-A4ED-8B136B74840C}
		{0546CE4F-C147-4729-B88F-5D192F86CF27} = {0546CE4F-C147-4729-B88F-5D192F86CF27}
		{65E9F9D8-21F2-4BFA-AE0C-C88F58626399} = {65E9F9D8-21F2-4BFA-AE0C-C88F58626399}
		{B840F23D-329A-4863-9E23-77E00F2A6C82} = {B840F23D-329A-4863-9E23-77E00F2A6C82}
		{0E1D381A-28E2-46AF-BE6B-8F60CA6ED547} = {0E1D381A-28E2-46AF-BE6B-8F60CA6ED547}
	EndProjectSection
EndProject
Project("{8BC9CEB8-8B4A-11D0-8D11-00A0C91BC942}") = "AppRagdollDemo", "Demos\RagdollDemo\AppRagdollDemo.vcproj", "{1047FBCA-049A-412C-9DE1-FE9EB529EB38}"
	ProjectSection(ProjectDependencies) = postProject
		{762E3B28-05E7-44C8-A4ED-8B136B74840C} = {762E3B28-05E7-44C8-A4ED-8B136B74840C}
		{0546CE4F-C147-4729-B88F-5D192F86CF27} = {0546CE4F-C147-4729-B88F-5D192F86CF27}
		{65E9F9D8-21F2-4BFA-AE0C-C88F58626399} = {65E9F9D8-21F2-4BFA-AE0C-C88F58626399}
		{B840F23D-329A-4863-9E23-77E00F2A6C82} = {B840F23D-329A-4863-9E23-77E00F2A6C82}
		{0E1D381A-28E2-46AF-BE6B-8F60CA6ED547} = {0E1D381A-28E2-46AF-BE6B-8F60CA6ED547}
	EndProjectSection
EndProject
Project("{8BC9CEB8-8B4A-11D0-8D11-00A0C91BC942}") = "AppRaytracer", "Demos\Raytracer\AppRaytracer.vcproj", "{3B24B026-7969-46E2-9485-8D6DCCD74F35}"
	ProjectSection(ProjectDependencies) = postProject
		{762E3B28-05E7-44C8-A4ED-8B136B74840C} = {762E3B28-05E7-44C8-A4ED-8B136B74840C}
		{0546CE4F-C147-4729-B88F-5D192F86CF27} = {0546CE4F-C147-4729-B88F-5D192F86CF27}
		{65E9F9D8-21F2-4BFA-AE0C-C88F58626399} = {65E9F9D8-21F2-4BFA-AE0C-C88F58626399}
		{B840F23D-329A-4863-9E23-77E00F2A6C82} = {B840F23D-329A-4863-9E23-77E00F2A6C82}
		{0E1D381A-28E2-46AF-BE6B-8F60CA6ED547} = {0E1D381A-28E2-46AF-BE6B-8F60CA6ED547}
	EndProjectSection
EndProject
Project("{8BC9CEB8-8B4A-11D0-8D11-00A0C91BC942}") = "AppSerializeDemo", "Demos\SerializeDemo\AppSerializeDemo.vcproj", "{AAC4A217-ADE0-4F9F-9077-92816C5AA65F}"
	ProjectSection(ProjectDependencies) = postProject
		{762E3B28-05E7-44C8-A4ED-8B136B74840C} = {762E3B28-05E7-44C8-A4ED-8B136B74840C}
		{0546CE4F-C147-4729-B88F-5D192F86CF27} = {0546CE4F-C147-4729-B88F-5D192F86CF27}
		{B3037F80-BD82-4ADC-B74F-98F10B55D998} = {B3037F80-BD82-4ADC-B74F-98F10B55D998}
		{B378D6DA-2A34-4554-BB01-6E33D83AD4B4} = {B378D6DA-2A34-4554-BB01-6E33D83AD4B4}
		{D9306BA4-E252-41DE-B703-ABEDCCF9AE87} = {D9306BA4-E252-41DE-B703-ABEDCCF9AE87}
		{65E9F9D8-21F2-4BFA-AE0C-C88F58626399} = {65E9F9D8-21F2-4BFA-AE0C-C88F58626399}
		{B840F23D-329A-4863-9E23-77E00F2A6C82} = {B840F23D-329A-4863-9E23-77E00F2A6C82}
		{0E1D381A-28E2-46AF-BE6B-8F60CA6ED547} = {0E1D381A-28E2-46AF-BE6B-8F60CA6ED547}
	EndProjectSection
EndProject
Project("{8BC9CEB8-8B4A-11D0-8D11-00A0C91BC942}") = "AppSimplexDemo", "Demos\SimplexDemo\AppSimplexDemo.vcproj", "{E7540678-16F9-4AB1-8CD4-F089690CF3B1}"
	ProjectSection(ProjectDependencies) = postProject
		{762E3B28-05E7-44C8-A4ED-8B136B74840C} = {762E3B28-05E7-44C8-A4ED-8B136B74840C}
		{0546CE4F-C147-4729-B88F-5D192F86CF27} = {0546CE4F-C147-4729-B88F-5D192F86CF27}
		{65E9F9D8-21F2-4BFA-AE0C-C88F58626399} = {65E9F9D8-21F2-4BFA-AE0C-C88F58626399}
		{B840F23D-329A-4863-9E23-77E00F2A6C82} = {B840F23D-329A-4863-9E23-77E00F2A6C82}
		{0E1D381A-28E2-46AF-BE6B-8F60CA6ED547} = {0E1D381A-28E2-46AF-BE6B-8F60CA6ED547}
	EndProjectSection
EndProject
Project("{8BC9CEB8-8B4A-11D0-8D11-00A0C91BC942}") = "AppSliderConstraintDemo", "Demos\SliderConstraintDemo\AppSliderConstraintDemo.vcproj", "{11A80B11-C171-4F28-951F-05C562062991}"
	ProjectSection(ProjectDependencies) = postProject
		{762E3B28-05E7-44C8-A4ED-8B136B74840C} = {762E3B28-05E7-44C8-A4ED-8B136B74840C}
		{0546CE4F-C147-4729-B88F-5D192F86CF27} = {0546CE4F-C147-4729-B88F-5D192F86CF27}
		{65E9F9D8-21F2-4BFA-AE0C-C88F58626399} = {65E9F9D8-21F2-4BFA-AE0C-C88F58626399}
		{B840F23D-329A-4863-9E23-77E00F2A6C82} = {B840F23D-329A-4863-9E23-77E00F2A6C82}
		{0E1D381A-28E2-46AF-BE6B-8F60CA6ED547} = {0E1D381A-28E2-46AF-BE6B-8F60CA6ED547}
	EndProjectSection
EndProject
Project("{8BC9CEB8-8B4A-11D0-8D11-00A0C91BC942}") = "AppSoftBodyDemo", "Demos\SoftDemo\AppSoftBodyDemo.vcproj", "{56C7A27C-BFE2-4EEA-BDAC-EA628436C8F2}"
	ProjectSection(ProjectDependencies) = postProject
		{762E3B28-05E7-44C8-A4ED-8B136B74840C} = {762E3B28-05E7-44C8-A4ED-8B136B74840C}
		{0546CE4F-C147-4729-B88F-5D192F86CF27} = {0546CE4F-C147-4729-B88F-5D192F86CF27}
		{B378D6DA-2A34-4554-BB01-6E33D83AD4B4} = {B378D6DA-2A34-4554-BB01-6E33D83AD4B4}
		{65E9F9D8-21F2-4BFA-AE0C-C88F58626399} = {65E9F9D8-21F2-4BFA-AE0C-C88F58626399}
		{B840F23D-329A-4863-9E23-77E00F2A6C82} = {B840F23D-329A-4863-9E23-77E00F2A6C82}
		{0E1D381A-28E2-46AF-BE6B-8F60CA6ED547} = {0E1D381A-28E2-46AF-BE6B-8F60CA6ED547}
	EndProjectSection
EndProject
Project("{8BC9CEB8-8B4A-11D0-8D11-00A0C91BC942}") = "AppThreadingDemo", "Demos\ThreadingDemo\AppThreadingDemo.vcproj", "{2D610781-24B7-437D-B5D1-25128FFECF6A}"
	ProjectSection(ProjectDependencies) = postProject
		{762E3B28-05E7-44C8-A4ED-8B136B74840C} = {762E3B28-05E7-44C8-A4ED-8B136B74840C}
		{0546CE4F-C147-4729-B88F-5D192F86CF27} = {0546CE4F-C147-4729-B88F-5D192F86CF27}
		{04847A5B-9153-463F-A1E6-CDA8F2E9EAE5} = {04847A5B-9153-463F-A1E6-CDA8F2E9EAE5}
		{65E9F9D8-21F2-4BFA-AE0C-C88F58626399} = {65E9F9D8-21F2-4BFA-AE0C-C88F58626399}
		{0E1D381A-28E2-46AF-BE6B-8F60CA6ED547} = {0E1D381A-28E2-46AF-BE6B-8F60CA6ED547}
	EndProjectSection
EndProject
Project("{8BC9CEB8-8B4A-11D0-8D11-00A0C91BC942}") = "AppUserCollisionAlgorithm", "Demos\UserCollisionAlgorithm\AppUserCollisionAlgorithm.vcproj", "{3801BF9F-EBD4-453A-B862-A629AC080246}"
	ProjectSection(ProjectDependencies) = postProject
		{762E3B28-05E7-44C8-A4ED-8B136B74840C} = {762E3B28-05E7-44C8-A4ED-8B136B74840C}
		{0546CE4F-C147-4729-B88F-5D192F86CF27} = {0546CE4F-C147-4729-B88F-5D192F86CF27}
		{65E9F9D8-21F2-4BFA-AE0C-C88F58626399} = {65E9F9D8-21F2-4BFA-AE0C-C88F58626399}
		{B840F23D-329A-4863-9E23-77E00F2A6C82} = {B840F23D-329A-4863-9E23-77E00F2A6C82}
		{0E1D381A-28E2-46AF-BE6B-8F60CA6ED547} = {0E1D381A-28E2-46AF-BE6B-8F60CA6ED547}
	EndProjectSection
EndProject
Project("{8BC9CEB8-8B4A-11D0-8D11-00A0C91BC942}") = "AppVectorAdd_Mini", "Demos\VectorAdd_OpenCL\MiniCL\AppVectorAdd_Mini.vcproj", "{15646327-BF0F-4332-910F-93FAD4472D20}"
	ProjectSection(ProjectDependencies) = postProject
		{04847A5B-9153-463F-A1E6-CDA8F2E9EAE5} = {04847A5B-9153-463F-A1E6-CDA8F2E9EAE5}
		{65E9F9D8-21F2-4BFA-AE0C-C88F58626399} = {65E9F9D8-21F2-4BFA-AE0C-C88F58626399}
		{4C97BB70-91F1-4666-A5E4-7C3654994F2A} = {4C97BB70-91F1-4666-A5E4-7C3654994F2A}
		{0E1D381A-28E2-46AF-BE6B-8F60CA6ED547} = {0E1D381A-28E2-46AF-BE6B-8F60CA6ED547}
	EndProjectSection
EndProject
Project("{8BC9CEB8-8B4A-11D0-8D11-00A0C91BC942}") = "AppVectorAdd_NVidia", "Demos\VectorAdd_OpenCL\NVidia\AppVectorAdd_NVidia.vcproj", "{625D7B7E-675B-48E7-9AA7-5F35A183ADBA}"
	ProjectSection(ProjectDependencies) = postProject
		{65E9F9D8-21F2-4BFA-AE0C-C88F58626399} = {65E9F9D8-21F2-4BFA-AE0C-C88F58626399}
		{0E1D381A-28E2-46AF-BE6B-8F60CA6ED547} = {0E1D381A-28E2-46AF-BE6B-8F60CA6ED547}
	EndProjectSection
EndProject
Project("{8BC9CEB8-8B4A-11D0-8D11-00A0C91BC942}") = "AppVehicleDemo", "Demos\VehicleDemo\AppVehicleDemo.vcproj", "{E6B8FCE6-29E1-4811-96ED-987121477813}"
	ProjectSection(ProjectDependencies) = postProject
		{762E3B28-05E7-44C8-A4ED-8B136B74840C} = {762E3B28-05E7-44C8-A4ED-8B136B74840C}
		{0546CE4F-C147-4729-B88F-5D192F86CF27} = {0546CE4F-C147-4729-B88F-5D192F86CF27}
		{65E9F9D8-21F2-4BFA-AE0C-C88F58626399} = {65E9F9D8-21F2-4BFA-AE0C-C88F58626399}
		{B840F23D-329A-4863-9E23-77E00F2A6C82} = {B840F23D-329A-4863-9E23-77E00F2A6C82}
		{0E1D381A-28E2-46AF-BE6B-8F60CA6ED547} = {0E1D381A-28E2-46AF-BE6B-8F60CA6ED547}
	EndProjectSection
EndProject
Project("{8BC9CEB8-8B4A-11D0-8D11-00A0C91BC942}") = "BulletCollision", "src\BulletCollision\BulletCollision.vcproj", "{762E3B28-05E7-44C8-A4ED-8B136B74840C}"
	ProjectSection(ProjectDependencies) = postProject
		{0E1D381A-28E2-46AF-BE6B-8F60CA6ED547} = {0E1D381A-28E2-46AF-BE6B-8F60CA6ED547}
	EndProjectSection
EndProject
Project("{8BC9CEB8-8B4A-11D0-8D11-00A0C91BC942}") = "BulletDynamics", "src\BulletDynamics\BulletDynamics.vcproj", "{0546CE4F-C147-4729-B88F-5D192F86CF27}"
	ProjectSection(ProjectDependencies) = postProject
		{0E1D381A-28E2-46AF-BE6B-8F60CA6ED547} = {0E1D381A-28E2-46AF-BE6B-8F60CA6ED547}
	EndProjectSection
EndProject
Project("{8BC9CEB8-8B4A-11D0-8D11-00A0C91BC942}") = "BulletFileLoader", "Extras\Serialize\BulletFileLoader\BulletFileLoader.vcproj", "{B3037F80-BD82-4ADC-B74F-98F10B55D998}"
	ProjectSection(ProjectDependencies) = postProject
		{0E1D381A-28E2-46AF-BE6B-8F60CA6ED547} = {0E1D381A-28E2-46AF-BE6B-8F60CA6ED547}
	EndProjectSection
EndProject
Project("{8BC9CEB8-8B4A-11D0-8D11-00A0C91BC942}") = "BulletMultiThreaded", "src\BulletMultiThreaded\BulletMultiThreaded.vcproj", "{04847A5B-9153-463F-A1E6-CDA8F2E9EAE5}"
	ProjectSection(ProjectDependencies) = postProject
		{0E1D381A-28E2-46AF-BE6B-8F60CA6ED547} = {0E1D381A-28E2-46AF-BE6B-8F60CA6ED547}
	EndProjectSection
EndProject
Project("{8BC9CEB8-8B4A-11D0-8D11-00A0C91BC942}") = "BulletSoftBody", "src\BulletSoftBody\BulletSoftBody.vcproj", "{B378D6DA-2A34-4554-BB01-6E33D83AD4B4}"
	ProjectSection(ProjectDependencies) = postProject
		{0E1D381A-28E2-46AF-BE6B-8F60CA6ED547} = {0E1D381A-28E2-46AF-BE6B-8F60CA6ED547}
	EndProjectSection
EndProject
Project("{8BC9CEB8-8B4A-11D0-8D11-00A0C91BC942}") = "BulletSoftBodySolvers_CPU", "src\BulletMultiThreaded\GpuSoftBodySolvers\CPU\BulletSoftBodySolvers_CPU.vcproj", "{49D8E01D-44C4-4364-91AC-E70D35F270A3}"
	ProjectSection(ProjectDependencies) = postProject
		{0E1D381A-28E2-46AF-BE6B-8F60CA6ED547} = {0E1D381A-28E2-46AF-BE6B-8F60CA6ED547}
	EndProjectSection
EndProject
Project("{8BC9CEB8-8B4A-11D0-8D11-00A0C91BC942}") = "BulletSoftBodySolvers_DX11", "src\BulletMultiThreaded\GpuSoftBodySolvers\DX11\BulletSoftBodySolvers_DX11.vcproj", "{88921A01-B5E9-4BD3-8D84-FC7740223600}"
	ProjectSection(ProjectDependencies) = postProject
		{0E1D381A-28E2-46AF-BE6B-8F60CA6ED547} = {0E1D381A-28E2-46AF-BE6B-8F60CA6ED547}
	EndProjectSection
EndProject
Project("{8BC9CEB8-8B4A-11D0-8D11-00A0C91BC942}") = "BulletSoftBodySolvers_OpenCL_Mini", "src\BulletMultiThreaded\GpuSoftBodySolvers\OpenCL\MiniCL\BulletSoftBodySolvers_OpenCL_Mini.vcproj", "{0DE9FFF9-8C42-4262-9167-AE709F55F8D8}"
	ProjectSection(ProjectDependencies) = postProject
		{0E1D381A-28E2-46AF-BE6B-8F60CA6ED547} = {0E1D381A-28E2-46AF-BE6B-8F60CA6ED547}
	EndProjectSection
EndProject
Project("{8BC9CEB8-8B4A-11D0-8D11-00A0C91BC942}") = "BulletSoftBodySolvers_OpenCL_NVidia", "src\BulletMultiThreaded\GpuSoftBodySolvers\OpenCL\NVidia\BulletSoftBodySolvers_OpenCL_NVidia.vcproj", "{CBAFC9BA-611A-4242-89AA-E36786C9514E}"
	ProjectSection(ProjectDependencies) = postProject
		{0E1D381A-28E2-46AF-BE6B-8F60CA6ED547} = {0E1D381A-28E2-46AF-BE6B-8F60CA6ED547}
	EndProjectSection
EndProject
Project("{8BC9CEB8-8B4A-11D0-8D11-00A0C91BC942}") = "BulletWorldImporter", "Extras\Serialize\BulletWorldImporter\BulletWorldImporter.vcproj", "{D9306BA4-E252-41DE-B703-ABEDCCF9AE87}"
	ProjectSection(ProjectDependencies) = postProject
		{0E1D381A-28E2-46AF-BE6B-8F60CA6ED547} = {0E1D381A-28E2-46AF-BE6B-8F60CA6ED547}
	EndProjectSection
EndProject
Project("{8BC9CEB8-8B4A-11D0-8D11-00A0C91BC942}") = "ConvexDecomposition", "Extras\ConvexDecomposition\ConvexDecomposition.vcproj", "{AFB9135B-5F22-4BE6-8DB0-3C0651C5198F}"
	ProjectSection(ProjectDependencies) = postProject
		{0E1D381A-28E2-46AF-BE6B-8F60CA6ED547} = {0E1D381A-28E2-46AF-BE6B-8F60CA6ED547}
	EndProjectSection
EndProject
Project("{8BC9CEB8-8B4A-11D0-8D11-00A0C91BC942}") = "GIMPACTUtils", "Extras\GIMPACTUtils\GIMPACTUtils.vcproj", "{E9213137-8AA2-44FF-9267-FC009A696A41}"
	ProjectSection(ProjectDependencies) = postProject
		{0E1D381A-28E2-46AF-BE6B-8F60CA6ED547} = {0E1D381A-28E2-46AF-BE6B-8F60CA6ED547}
	EndProjectSection
EndProject
Project("{8BC9CEB8-8B4A-11D0-8D11-00A0C91BC942}") = "GLUI", "Extras\glui\GLUI.vcproj", "{5FB6546F-D213-4D85-B1B3-A5D10D169A95}"
	ProjectSection(ProjectDependencies) = postProject
		{0E1D381A-28E2-46AF-BE6B-8F60CA6ED547} = {0E1D381A-28E2-46AF-BE6B-8F60CA6ED547}
	EndProjectSection
EndProject
Project("{8BC9CEB8-8B4A-11D0-8D11-00A0C91BC942}") = "HACD", "Extras\HACD\HACD.vcproj", "{B532D41C-D3E2-4BFB-9A77-C64281D214A0}"
	ProjectSection(ProjectDependencies) = postProject
		{0E1D381A-28E2-46AF-BE6B-8F60CA6ED547} = {0E1D381A-28E2-46AF-BE6B-8F60CA6ED547}
	EndProjectSection
EndProject
Project("{8BC9CEB8-8B4A-11D0-8D11-00A0C91BC942}") = "HfFluidDemo", "Demos\HeightFieldFluidDemo\HfFluidDemo.vcproj", "{B722B4E1-F715-41CD-A7C9-CCF02F62944E}"
	ProjectSection(ProjectDependencies) = postProject
		{762E3B28-05E7-44C8-A4ED-8B136B74840C} = {762E3B28-05E7-44C8-A4ED-8B136B74840C}
		{0546CE4F-C147-4729-B88F-5D192F86CF27} = {0546CE4F-C147-4729-B88F-5D192F86CF27}
		{65E9F9D8-21F2-4BFA-AE0C-C88F58626399} = {65E9F9D8-21F2-4BFA-AE0C-C88F58626399}
		{B840F23D-329A-4863-9E23-77E00F2A6C82} = {B840F23D-329A-4863-9E23-77E00F2A6C82}
		{0E1D381A-28E2-46AF-BE6B-8F60CA6ED547} = {0E1D381A-28E2-46AF-BE6B-8F60CA6ED547}
	EndProjectSection
EndProject
Project("{8BC9CEB8-8B4A-11D0-8D11-00A0C91BC942}") = "LinearMath", "src\LinearMath\LinearMath.vcproj", "{65E9F9D8-21F2-4BFA-AE0C-C88F58626399}"
	ProjectSection(ProjectDependencies) = postProject
		{0E1D381A-28E2-46AF-BE6B-8F60CA6ED547} = {0E1D381A-28E2-46AF-BE6B-8F60CA6ED547}
	EndProjectSection
EndProject
Project("{8BC9CEB8-8B4A-11D0-8D11-00A0C91BC942}") = "MiniCL", "src\MiniCL\MiniCL.vcproj", "{4C97BB70-91F1-4666-A5E4-7C3654994F2A}"
	ProjectSection(ProjectDependencies) = postProject
		{0E1D381A-28E2-46AF-BE6B-8F60CA6ED547} = {0E1D381A-28E2-46AF-BE6B-8F60CA6ED547}
	EndProjectSection
EndProject
Project("{8BC9CEB8-8B4A-11D0-8D11-00A0C91BC942}") = "OpenGLSupport", "Demos\OpenGL\OpenGLSupport.vcproj", "{B840F23D-329A-4863-9E23-77E00F2A6C82}"
	ProjectSection(ProjectDependencies) = postProject
		{0E1D381A-28E2-46AF-BE6B-8F60CA6ED547} = {0E1D381A-28E2-46AF-BE6B-8F60CA6ED547}
	EndProjectSection
EndProject
Project("{8BC9CEB8-8B4A-11D0-8D11-00A0C91BC942}") = "ZERO_CHECK", "ZERO_CHECK.vcproj", "{0E1D381A-28E2-46AF-BE6B-8F60CA6ED547}"
	ProjectSection(ProjectDependencies) = postProject
	EndProjectSection
EndProject
Global
	GlobalSection(SolutionConfigurationPlatforms) = preSolution
		Debug|Win32 = Debug|Win32
		Release|Win32 = Release|Win32
		MinSizeRel|Win32 = MinSizeRel|Win32
		RelWithDebInfo|Win32 = RelWithDebInfo|Win32
	EndGlobalSection
	GlobalSection(ProjectConfigurationPlatforms) = postSolution
		{1A5C4452-9FCF-4965-AA4A-DEE3128FD438}.Debug|Win32.ActiveCfg = Debug|Win32
		{1A5C4452-9FCF-4965-AA4A-DEE3128FD438}.Release|Win32.ActiveCfg = Release|Win32
		{1A5C4452-9FCF-4965-AA4A-DEE3128FD438}.MinSizeRel|Win32.ActiveCfg = MinSizeRel|Win32
		{1A5C4452-9FCF-4965-AA4A-DEE3128FD438}.RelWithDebInfo|Win32.ActiveCfg = RelWithDebInfo|Win32
		{4051FF72-7E4F-4FDB-B12F-595D864251AC}.Debug|Win32.ActiveCfg = Debug|Win32
		{4051FF72-7E4F-4FDB-B12F-595D864251AC}.Debug|Win32.Build.0 = Debug|Win32
		{4051FF72-7E4F-4FDB-B12F-595D864251AC}.Release|Win32.ActiveCfg = Release|Win32
		{4051FF72-7E4F-4FDB-B12F-595D864251AC}.Release|Win32.Build.0 = Release|Win32
		{4051FF72-7E4F-4FDB-B12F-595D864251AC}.MinSizeRel|Win32.ActiveCfg = MinSizeRel|Win32
		{4051FF72-7E4F-4FDB-B12F-595D864251AC}.MinSizeRel|Win32.Build.0 = MinSizeRel|Win32
		{4051FF72-7E4F-4FDB-B12F-595D864251AC}.RelWithDebInfo|Win32.ActiveCfg = RelWithDebInfo|Win32
		{4051FF72-7E4F-4FDB-B12F-595D864251AC}.RelWithDebInfo|Win32.Build.0 = RelWithDebInfo|Win32
		{AF67AA68-08B1-4DA0-8B54-E2B8F3818052}.Debug|Win32.ActiveCfg = Debug|Win32
		{AF67AA68-08B1-4DA0-8B54-E2B8F3818052}.Debug|Win32.Build.0 = Debug|Win32
		{AF67AA68-08B1-4DA0-8B54-E2B8F3818052}.Release|Win32.ActiveCfg = Release|Win32
		{AF67AA68-08B1-4DA0-8B54-E2B8F3818052}.Release|Win32.Build.0 = Release|Win32
		{AF67AA68-08B1-4DA0-8B54-E2B8F3818052}.MinSizeRel|Win32.ActiveCfg = MinSizeRel|Win32
		{AF67AA68-08B1-4DA0-8B54-E2B8F3818052}.MinSizeRel|Win32.Build.0 = MinSizeRel|Win32
		{AF67AA68-08B1-4DA0-8B54-E2B8F3818052}.RelWithDebInfo|Win32.ActiveCfg = RelWithDebInfo|Win32
		{AF67AA68-08B1-4DA0-8B54-E2B8F3818052}.RelWithDebInfo|Win32.Build.0 = RelWithDebInfo|Win32
		{1CC11C08-6278-4632-8D7E-BB583FC8C8EB}.Debug|Win32.ActiveCfg = Debug|Win32
		{1CC11C08-6278-4632-8D7E-BB583FC8C8EB}.Debug|Win32.Build.0 = Debug|Win32
		{1CC11C08-6278-4632-8D7E-BB583FC8C8EB}.Release|Win32.ActiveCfg = Release|Win32
		{1CC11C08-6278-4632-8D7E-BB583FC8C8EB}.Release|Win32.Build.0 = Release|Win32
		{1CC11C08-6278-4632-8D7E-BB583FC8C8EB}.MinSizeRel|Win32.ActiveCfg = MinSizeRel|Win32
		{1CC11C08-6278-4632-8D7E-BB583FC8C8EB}.MinSizeRel|Win32.Build.0 = MinSizeRel|Win32
		{1CC11C08-6278-4632-8D7E-BB583FC8C8EB}.RelWithDebInfo|Win32.ActiveCfg = RelWithDebInfo|Win32
		{1CC11C08-6278-4632-8D7E-BB583FC8C8EB}.RelWithDebInfo|Win32.Build.0 = RelWithDebInfo|Win32
		{7A0E2E07-8E51-4C97-A617-250A6897FAEA}.Debug|Win32.ActiveCfg = Debug|Win32
		{7A0E2E07-8E51-4C97-A617-250A6897FAEA}.Debug|Win32.Build.0 = Debug|Win32
		{7A0E2E07-8E51-4C97-A617-250A6897FAEA}.Release|Win32.ActiveCfg = Release|Win32
		{7A0E2E07-8E51-4C97-A617-250A6897FAEA}.Release|Win32.Build.0 = Release|Win32
		{7A0E2E07-8E51-4C97-A617-250A6897FAEA}.MinSizeRel|Win32.ActiveCfg = MinSizeRel|Win32
		{7A0E2E07-8E51-4C97-A617-250A6897FAEA}.MinSizeRel|Win32.Build.0 = MinSizeRel|Win32
		{7A0E2E07-8E51-4C97-A617-250A6897FAEA}.RelWithDebInfo|Win32.ActiveCfg = RelWithDebInfo|Win32
		{7A0E2E07-8E51-4C97-A617-250A6897FAEA}.RelWithDebInfo|Win32.Build.0 = RelWithDebInfo|Win32
		{21A9D093-252B-4FAF-97A7-04838DE9ADBF}.Debug|Win32.ActiveCfg = Debug|Win32
		{21A9D093-252B-4FAF-97A7-04838DE9ADBF}.Debug|Win32.Build.0 = Debug|Win32
		{21A9D093-252B-4FAF-97A7-04838DE9ADBF}.Release|Win32.ActiveCfg = Release|Win32
		{21A9D093-252B-4FAF-97A7-04838DE9ADBF}.Release|Win32.Build.0 = Release|Win32
		{21A9D093-252B-4FAF-97A7-04838DE9ADBF}.MinSizeRel|Win32.ActiveCfg = MinSizeRel|Win32
		{21A9D093-252B-4FAF-97A7-04838DE9ADBF}.MinSizeRel|Win32.Build.0 = MinSizeRel|Win32
		{21A9D093-252B-4FAF-97A7-04838DE9ADBF}.RelWithDebInfo|Win32.ActiveCfg = RelWithDebInfo|Win32
		{21A9D093-252B-4FAF-97A7-04838DE9ADBF}.RelWithDebInfo|Win32.Build.0 = RelWithDebInfo|Win32
		{3BF2243E-A13D-4580-960D-B396981D82BE}.Debug|Win32.ActiveCfg = Debug|Win32
		{3BF2243E-A13D-4580-960D-B396981D82BE}.Debug|Win32.Build.0 = Debug|Win32
		{3BF2243E-A13D-4580-960D-B396981D82BE}.Release|Win32.ActiveCfg = Release|Win32
		{3BF2243E-A13D-4580-960D-B396981D82BE}.Release|Win32.Build.0 = Release|Win32
		{3BF2243E-A13D-4580-960D-B396981D82BE}.MinSizeRel|Win32.ActiveCfg = MinSizeRel|Win32
		{3BF2243E-A13D-4580-960D-B396981D82BE}.MinSizeRel|Win32.Build.0 = MinSizeRel|Win32
		{3BF2243E-A13D-4580-960D-B396981D82BE}.RelWithDebInfo|Win32.ActiveCfg = RelWithDebInfo|Win32
		{3BF2243E-A13D-4580-960D-B396981D82BE}.RelWithDebInfo|Win32.Build.0 = RelWithDebInfo|Win32
		{3A5EA9FC-7E0B-4289-AE2A-A4949D97D310}.Debug|Win32.ActiveCfg = Debug|Win32
		{3A5EA9FC-7E0B-4289-AE2A-A4949D97D310}.Debug|Win32.Build.0 = Debug|Win32
		{3A5EA9FC-7E0B-4289-AE2A-A4949D97D310}.Release|Win32.ActiveCfg = Release|Win32
		{3A5EA9FC-7E0B-4289-AE2A-A4949D97D310}.Release|Win32.Build.0 = Release|Win32
		{3A5EA9FC-7E0B-4289-AE2A-A4949D97D310}.MinSizeRel|Win32.ActiveCfg = MinSizeRel|Win32
		{3A5EA9FC-7E0B-4289-AE2A-A4949D97D310}.MinSizeRel|Win32.Build.0 = MinSizeRel|Win32
		{3A5EA9FC-7E0B-4289-AE2A-A4949D97D310}.RelWithDebInfo|Win32.ActiveCfg = RelWithDebInfo|Win32
		{3A5EA9FC-7E0B-4289-AE2A-A4949D97D310}.RelWithDebInfo|Win32.Build.0 = RelWithDebInfo|Win32
		{B7DDEFE8-50B5-4C23-AC88-8A915D212F18}.Debug|Win32.ActiveCfg = Debug|Win32
		{B7DDEFE8-50B5-4C23-AC88-8A915D212F18}.Debug|Win32.Build.0 = Debug|Win32
		{B7DDEFE8-50B5-4C23-AC88-8A915D212F18}.Release|Win32.ActiveCfg = Release|Win32
		{B7DDEFE8-50B5-4C23-AC88-8A915D212F18}.Release|Win32.Build.0 = Release|Win32
		{B7DDEFE8-50B5-4C23-AC88-8A915D212F18}.MinSizeRel|Win32.ActiveCfg = MinSizeRel|Win32
		{B7DDEFE8-50B5-4C23-AC88-8A915D212F18}.MinSizeRel|Win32.Build.0 = MinSizeRel|Win32
		{B7DDEFE8-50B5-4C23-AC88-8A915D212F18}.RelWithDebInfo|Win32.ActiveCfg = RelWithDebInfo|Win32
		{B7DDEFE8-50B5-4C23-AC88-8A915D212F18}.RelWithDebInfo|Win32.Build.0 = RelWithDebInfo|Win32
		{5C1CC00F-487C-415D-BBA3-2273A2D212EE}.Debug|Win32.ActiveCfg = Debug|Win32
		{5C1CC00F-487C-415D-BBA3-2273A2D212EE}.Debug|Win32.Build.0 = Debug|Win32
		{5C1CC00F-487C-415D-BBA3-2273A2D212EE}.Release|Win32.ActiveCfg = Release|Win32
		{5C1CC00F-487C-415D-BBA3-2273A2D212EE}.Release|Win32.Build.0 = Release|Win32
		{5C1CC00F-487C-415D-BBA3-2273A2D212EE}.MinSizeRel|Win32.ActiveCfg = MinSizeRel|Win32
		{5C1CC00F-487C-415D-BBA3-2273A2D212EE}.MinSizeRel|Win32.Build.0 = MinSizeRel|Win32
		{5C1CC00F-487C-415D-BBA3-2273A2D212EE}.RelWithDebInfo|Win32.ActiveCfg = RelWithDebInfo|Win32
		{5C1CC00F-487C-415D-BBA3-2273A2D212EE}.RelWithDebInfo|Win32.Build.0 = RelWithDebInfo|Win32
		{F1DD6817-8847-4039-9330-D69CE2CD787A}.Debug|Win32.ActiveCfg = Debug|Win32
		{F1DD6817-8847-4039-9330-D69CE2CD787A}.Debug|Win32.Build.0 = Debug|Win32
		{F1DD6817-8847-4039-9330-D69CE2CD787A}.Release|Win32.ActiveCfg = Release|Win32
		{F1DD6817-8847-4039-9330-D69CE2CD787A}.Release|Win32.Build.0 = Release|Win32
		{F1DD6817-8847-4039-9330-D69CE2CD787A}.MinSizeRel|Win32.ActiveCfg = MinSizeRel|Win32
		{F1DD6817-8847-4039-9330-D69CE2CD787A}.MinSizeRel|Win32.Build.0 = MinSizeRel|Win32
		{F1DD6817-8847-4039-9330-D69CE2CD787A}.RelWithDebInfo|Win32.ActiveCfg = RelWithDebInfo|Win32
		{F1DD6817-8847-4039-9330-D69CE2CD787A}.RelWithDebInfo|Win32.Build.0 = RelWithDebInfo|Win32
		{201B0E2A-F5E8-412A-97E1-B1A490A9D3EA}.Debug|Win32.ActiveCfg = Debug|Win32
		{201B0E2A-F5E8-412A-97E1-B1A490A9D3EA}.Debug|Win32.Build.0 = Debug|Win32
		{201B0E2A-F5E8-412A-97E1-B1A490A9D3EA}.Release|Win32.ActiveCfg = Release|Win32
		{201B0E2A-F5E8-412A-97E1-B1A490A9D3EA}.Release|Win32.Build.0 = Release|Win32
		{201B0E2A-F5E8-412A-97E1-B1A490A9D3EA}.MinSizeRel|Win32.ActiveCfg = MinSizeRel|Win32
		{201B0E2A-F5E8-412A-97E1-B1A490A9D3EA}.MinSizeRel|Win32.Build.0 = MinSizeRel|Win32
		{201B0E2A-F5E8-412A-97E1-B1A490A9D3EA}.RelWithDebInfo|Win32.ActiveCfg = RelWithDebInfo|Win32
		{201B0E2A-F5E8-412A-97E1-B1A490A9D3EA}.RelWithDebInfo|Win32.Build.0 = RelWithDebInfo|Win32
		{5723F9E0-7B58-4B18-999C-B254100691A6}.Debug|Win32.ActiveCfg = Debug|Win32
		{5723F9E0-7B58-4B18-999C-B254100691A6}.Debug|Win32.Build.0 = Debug|Win32
		{5723F9E0-7B58-4B18-999C-B254100691A6}.Release|Win32.ActiveCfg = Release|Win32
		{5723F9E0-7B58-4B18-999C-B254100691A6}.Release|Win32.Build.0 = Release|Win32
		{5723F9E0-7B58-4B18-999C-B254100691A6}.MinSizeRel|Win32.ActiveCfg = MinSizeRel|Win32
		{5723F9E0-7B58-4B18-999C-B254100691A6}.MinSizeRel|Win32.Build.0 = MinSizeRel|Win32
		{5723F9E0-7B58-4B18-999C-B254100691A6}.RelWithDebInfo|Win32.ActiveCfg = RelWithDebInfo|Win32
		{5723F9E0-7B58-4B18-999C-B254100691A6}.RelWithDebInfo|Win32.Build.0 = RelWithDebInfo|Win32
		{492A1F82-0954-4661-8FEC-5701F1C9DFA8}.Debug|Win32.ActiveCfg = Debug|Win32
		{492A1F82-0954-4661-8FEC-5701F1C9DFA8}.Debug|Win32.Build.0 = Debug|Win32
		{492A1F82-0954-4661-8FEC-5701F1C9DFA8}.Release|Win32.ActiveCfg = Release|Win32
		{492A1F82-0954-4661-8FEC-5701F1C9DFA8}.Release|Win32.Build.0 = Release|Win32
		{492A1F82-0954-4661-8FEC-5701F1C9DFA8}.MinSizeRel|Win32.ActiveCfg = MinSizeRel|Win32
		{492A1F82-0954-4661-8FEC-5701F1C9DFA8}.MinSizeRel|Win32.Build.0 = MinSizeRel|Win32
		{492A1F82-0954-4661-8FEC-5701F1C9DFA8}.RelWithDebInfo|Win32.ActiveCfg = RelWithDebInfo|Win32
		{492A1F82-0954-4661-8FEC-5701F1C9DFA8}.RelWithDebInfo|Win32.Build.0 = RelWithDebInfo|Win32
		{85DE93E2-34FA-4192-8809-91B75110416C}.Debug|Win32.ActiveCfg = Debug|Win32
		{85DE93E2-34FA-4192-8809-91B75110416C}.Debug|Win32.Build.0 = Debug|Win32
		{85DE93E2-34FA-4192-8809-91B75110416C}.Release|Win32.ActiveCfg = Release|Win32
		{85DE93E2-34FA-4192-8809-91B75110416C}.Release|Win32.Build.0 = Release|Win32
		{85DE93E2-34FA-4192-8809-91B75110416C}.MinSizeRel|Win32.ActiveCfg = MinSizeRel|Win32
		{85DE93E2-34FA-4192-8809-91B75110416C}.MinSizeRel|Win32.Build.0 = MinSizeRel|Win32
		{85DE93E2-34FA-4192-8809-91B75110416C}.RelWithDebInfo|Win32.ActiveCfg = RelWithDebInfo|Win32
		{85DE93E2-34FA-4192-8809-91B75110416C}.RelWithDebInfo|Win32.Build.0 = RelWithDebInfo|Win32
		{4E0E0131-8A46-48C5-BAE4-6CBA00124397}.Debug|Win32.ActiveCfg = Debug|Win32
		{4E0E0131-8A46-48C5-BAE4-6CBA00124397}.Debug|Win32.Build.0 = Debug|Win32
		{4E0E0131-8A46-48C5-BAE4-6CBA00124397}.Release|Win32.ActiveCfg = Release|Win32
		{4E0E0131-8A46-48C5-BAE4-6CBA00124397}.Release|Win32.Build.0 = Release|Win32
		{4E0E0131-8A46-48C5-BAE4-6CBA00124397}.MinSizeRel|Win32.ActiveCfg = MinSizeRel|Win32
		{4E0E0131-8A46-48C5-BAE4-6CBA00124397}.MinSizeRel|Win32.Build.0 = MinSizeRel|Win32
		{4E0E0131-8A46-48C5-BAE4-6CBA00124397}.RelWithDebInfo|Win32.ActiveCfg = RelWithDebInfo|Win32
		{4E0E0131-8A46-48C5-BAE4-6CBA00124397}.RelWithDebInfo|Win32.Build.0 = RelWithDebInfo|Win32
		{8873D449-DFBA-4CDB-B70F-3464207CB9E4}.Debug|Win32.ActiveCfg = Debug|Win32
		{8873D449-DFBA-4CDB-B70F-3464207CB9E4}.Debug|Win32.Build.0 = Debug|Win32
		{8873D449-DFBA-4CDB-B70F-3464207CB9E4}.Release|Win32.ActiveCfg = Release|Win32
		{8873D449-DFBA-4CDB-B70F-3464207CB9E4}.Release|Win32.Build.0 = Release|Win32
		{8873D449-DFBA-4CDB-B70F-3464207CB9E4}.MinSizeRel|Win32.ActiveCfg = MinSizeRel|Win32
		{8873D449-DFBA-4CDB-B70F-3464207CB9E4}.MinSizeRel|Win32.Build.0 = MinSizeRel|Win32
		{8873D449-DFBA-4CDB-B70F-3464207CB9E4}.RelWithDebInfo|Win32.ActiveCfg = RelWithDebInfo|Win32
		{8873D449-DFBA-4CDB-B70F-3464207CB9E4}.RelWithDebInfo|Win32.Build.0 = RelWithDebInfo|Win32
		{CAE96A86-3C60-4463-BCB2-5078F794CB32}.Debug|Win32.ActiveCfg = Debug|Win32
		{CAE96A86-3C60-4463-BCB2-5078F794CB32}.Debug|Win32.Build.0 = Debug|Win32
		{CAE96A86-3C60-4463-BCB2-5078F794CB32}.Release|Win32.ActiveCfg = Release|Win32
		{CAE96A86-3C60-4463-BCB2-5078F794CB32}.Release|Win32.Build.0 = Release|Win32
		{CAE96A86-3C60-4463-BCB2-5078F794CB32}.MinSizeRel|Win32.ActiveCfg = MinSizeRel|Win32
		{CAE96A86-3C60-4463-BCB2-5078F794CB32}.MinSizeRel|Win32.Build.0 = MinSizeRel|Win32
		{CAE96A86-3C60-4463-BCB2-5078F794CB32}.RelWithDebInfo|Win32.ActiveCfg = RelWithDebInfo|Win32
		{CAE96A86-3C60-4463-BCB2-5078F794CB32}.RelWithDebInfo|Win32.Build.0 = RelWithDebInfo|Win32
		{9DCA790E-E284-479F-9421-5477F5928361}.Debug|Win32.ActiveCfg = Debug|Win32
		{9DCA790E-E284-479F-9421-5477F5928361}.Debug|Win32.Build.0 = Debug|Win32
		{9DCA790E-E284-479F-9421-5477F5928361}.Release|Win32.ActiveCfg = Release|Win32
		{9DCA790E-E284-479F-9421-5477F5928361}.Release|Win32.Build.0 = Release|Win32
		{9DCA790E-E284-479F-9421-5477F5928361}.MinSizeRel|Win32.ActiveCfg = MinSizeRel|Win32
		{9DCA790E-E284-479F-9421-5477F5928361}.MinSizeRel|Win32.Build.0 = MinSizeRel|Win32
		{9DCA790E-E284-479F-9421-5477F5928361}.RelWithDebInfo|Win32.ActiveCfg = RelWithDebInfo|Win32
		{9DCA790E-E284-479F-9421-5477F5928361}.RelWithDebInfo|Win32.Build.0 = RelWithDebInfo|Win32
		{79580D02-5A10-45A7-A03F-61C708FF63A6}.Debug|Win32.ActiveCfg = Debug|Win32
		{79580D02-5A10-45A7-A03F-61C708FF63A6}.Debug|Win32.Build.0 = Debug|Win32
		{79580D02-5A10-45A7-A03F-61C708FF63A6}.Release|Win32.ActiveCfg = Release|Win32
		{79580D02-5A10-45A7-A03F-61C708FF63A6}.Release|Win32.Build.0 = Release|Win32
		{79580D02-5A10-45A7-A03F-61C708FF63A6}.MinSizeRel|Win32.ActiveCfg = MinSizeRel|Win32
		{79580D02-5A10-45A7-A03F-61C708FF63A6}.MinSizeRel|Win32.Build.0 = MinSizeRel|Win32
		{79580D02-5A10-45A7-A03F-61C708FF63A6}.RelWithDebInfo|Win32.ActiveCfg = RelWithDebInfo|Win32
		{79580D02-5A10-45A7-A03F-61C708FF63A6}.RelWithDebInfo|Win32.Build.0 = RelWithDebInfo|Win32
		{FD7FF30E-5B40-4313-8218-7B43BE971961}.Debug|Win32.ActiveCfg = Debug|Win32
		{FD7FF30E-5B40-4313-8218-7B43BE971961}.Debug|Win32.Build.0 = Debug|Win32
		{FD7FF30E-5B40-4313-8218-7B43BE971961}.Release|Win32.ActiveCfg = Release|Win32
		{FD7FF30E-5B40-4313-8218-7B43BE971961}.Release|Win32.Build.0 = Release|Win32
		{FD7FF30E-5B40-4313-8218-7B43BE971961}.MinSizeRel|Win32.ActiveCfg = MinSizeRel|Win32
		{FD7FF30E-5B40-4313-8218-7B43BE971961}.MinSizeRel|Win32.Build.0 = MinSizeRel|Win32
		{FD7FF30E-5B40-4313-8218-7B43BE971961}.RelWithDebInfo|Win32.ActiveCfg = RelWithDebInfo|Win32
		{FD7FF30E-5B40-4313-8218-7B43BE971961}.RelWithDebInfo|Win32.Build.0 = RelWithDebInfo|Win32
		{EF351D0A-0ECE-40D1-8C5B-8A2661EDF8BF}.Debug|Win32.ActiveCfg = Debug|Win32
		{EF351D0A-0ECE-40D1-8C5B-8A2661EDF8BF}.Debug|Win32.Build.0 = Debug|Win32
		{EF351D0A-0ECE-40D1-8C5B-8A2661EDF8BF}.Release|Win32.ActiveCfg = Release|Win32
		{EF351D0A-0ECE-40D1-8C5B-8A2661EDF8BF}.Release|Win32.Build.0 = Release|Win32
		{EF351D0A-0ECE-40D1-8C5B-8A2661EDF8BF}.MinSizeRel|Win32.ActiveCfg = MinSizeRel|Win32
		{EF351D0A-0ECE-40D1-8C5B-8A2661EDF8BF}.MinSizeRel|Win32.Build.0 = MinSizeRel|Win32
		{EF351D0A-0ECE-40D1-8C5B-8A2661EDF8BF}.RelWithDebInfo|Win32.ActiveCfg = RelWithDebInfo|Win32
		{EF351D0A-0ECE-40D1-8C5B-8A2661EDF8BF}.RelWithDebInfo|Win32.Build.0 = RelWithDebInfo|Win32
		{81CC7671-3B12-4C0E-8E77-F6B18537BE0E}.Debug|Win32.ActiveCfg = Debug|Win32
		{81CC7671-3B12-4C0E-8E77-F6B18537BE0E}.Debug|Win32.Build.0 = Debug|Win32
		{81CC7671-3B12-4C0E-8E77-F6B18537BE0E}.Release|Win32.ActiveCfg = Release|Win32
		{81CC7671-3B12-4C0E-8E77-F6B18537BE0E}.Release|Win32.Build.0 = Release|Win32
		{81CC7671-3B12-4C0E-8E77-F6B18537BE0E}.MinSizeRel|Win32.ActiveCfg = MinSizeRel|Win32
		{81CC7671-3B12-4C0E-8E77-F6B18537BE0E}.MinSizeRel|Win32.Build.0 = MinSizeRel|Win32
		{81CC7671-3B12-4C0E-8E77-F6B18537BE0E}.RelWithDebInfo|Win32.ActiveCfg = RelWithDebInfo|Win32
		{81CC7671-3B12-4C0E-8E77-F6B18537BE0E}.RelWithDebInfo|Win32.Build.0 = RelWithDebInfo|Win32
		{AED08D92-B114-46D8-98DB-B19F90D46221}.Debug|Win32.ActiveCfg = Debug|Win32
		{AED08D92-B114-46D8-98DB-B19F90D46221}.Debug|Win32.Build.0 = Debug|Win32
		{AED08D92-B114-46D8-98DB-B19F90D46221}.Release|Win32.ActiveCfg = Release|Win32
		{AED08D92-B114-46D8-98DB-B19F90D46221}.Release|Win32.Build.0 = Release|Win32
		{AED08D92-B114-46D8-98DB-B19F90D46221}.MinSizeRel|Win32.ActiveCfg = MinSizeRel|Win32
		{AED08D92-B114-46D8-98DB-B19F90D46221}.MinSizeRel|Win32.Build.0 = MinSizeRel|Win32
		{AED08D92-B114-46D8-98DB-B19F90D46221}.RelWithDebInfo|Win32.ActiveCfg = RelWithDebInfo|Win32
		{AED08D92-B114-46D8-98DB-B19F90D46221}.RelWithDebInfo|Win32.Build.0 = RelWithDebInfo|Win32
		{56F1E687-BEA2-4F7C-930B-A2946F10B9EA}.Debug|Win32.ActiveCfg = Debug|Win32
		{56F1E687-BEA2-4F7C-930B-A2946F10B9EA}.Debug|Win32.Build.0 = Debug|Win32
		{56F1E687-BEA2-4F7C-930B-A2946F10B9EA}.Release|Win32.ActiveCfg = Release|Win32
		{56F1E687-BEA2-4F7C-930B-A2946F10B9EA}.Release|Win32.Build.0 = Release|Win32
		{56F1E687-BEA2-4F7C-930B-A2946F10B9EA}.MinSizeRel|Win32.ActiveCfg = MinSizeRel|Win32
		{56F1E687-BEA2-4F7C-930B-A2946F10B9EA}.MinSizeRel|Win32.Build.0 = MinSizeRel|Win32
		{56F1E687-BEA2-4F7C-930B-A2946F10B9EA}.RelWithDebInfo|Win32.ActiveCfg = RelWithDebInfo|Win32
		{56F1E687-BEA2-4F7C-930B-A2946F10B9EA}.RelWithDebInfo|Win32.Build.0 = RelWithDebInfo|Win32
		{35651C63-3B49-464B-A955-9F375911E26E}.Debug|Win32.ActiveCfg = Debug|Win32
		{35651C63-3B49-464B-A955-9F375911E26E}.Debug|Win32.Build.0 = Debug|Win32
		{35651C63-3B49-464B-A955-9F375911E26E}.Release|Win32.ActiveCfg = Release|Win32
		{35651C63-3B49-464B-A955-9F375911E26E}.Release|Win32.Build.0 = Release|Win32
		{35651C63-3B49-464B-A955-9F375911E26E}.MinSizeRel|Win32.ActiveCfg = MinSizeRel|Win32
		{35651C63-3B49-464B-A955-9F375911E26E}.MinSizeRel|Win32.Build.0 = MinSizeRel|Win32
		{35651C63-3B49-464B-A955-9F375911E26E}.RelWithDebInfo|Win32.ActiveCfg = RelWithDebInfo|Win32
		{35651C63-3B49-464B-A955-9F375911E26E}.RelWithDebInfo|Win32.Build.0 = RelWithDebInfo|Win32
		{4B2FCB0F-7DB9-415A-9882-C3F24D02B281}.Debug|Win32.ActiveCfg = Debug|Win32
		{4B2FCB0F-7DB9-415A-9882-C3F24D02B281}.Debug|Win32.Build.0 = Debug|Win32
		{4B2FCB0F-7DB9-415A-9882-C3F24D02B281}.Release|Win32.ActiveCfg = Release|Win32
		{4B2FCB0F-7DB9-415A-9882-C3F24D02B281}.Release|Win32.Build.0 = Release|Win32
		{4B2FCB0F-7DB9-415A-9882-C3F24D02B281}.MinSizeRel|Win32.ActiveCfg = MinSizeRel|Win32
		{4B2FCB0F-7DB9-415A-9882-C3F24D02B281}.MinSizeRel|Win32.Build.0 = MinSizeRel|Win32
		{4B2FCB0F-7DB9-415A-9882-C3F24D02B281}.RelWithDebInfo|Win32.ActiveCfg = RelWithDebInfo|Win32
		{4B2FCB0F-7DB9-415A-9882-C3F24D02B281}.RelWithDebInfo|Win32.Build.0 = RelWithDebInfo|Win32
		{CA480F62-13A9-4320-8E9D-596A022E31BB}.Debug|Win32.ActiveCfg = Debug|Win32
		{CA480F62-13A9-4320-8E9D-596A022E31BB}.Debug|Win32.Build.0 = Debug|Win32
		{CA480F62-13A9-4320-8E9D-596A022E31BB}.Release|Win32.ActiveCfg = Release|Win32
		{CA480F62-13A9-4320-8E9D-596A022E31BB}.Release|Win32.Build.0 = Release|Win32
		{CA480F62-13A9-4320-8E9D-596A022E31BB}.MinSizeRel|Win32.ActiveCfg = MinSizeRel|Win32
		{CA480F62-13A9-4320-8E9D-596A022E31BB}.MinSizeRel|Win32.Build.0 = MinSizeRel|Win32
		{CA480F62-13A9-4320-8E9D-596A022E31BB}.RelWithDebInfo|Win32.ActiveCfg = RelWithDebInfo|Win32
		{CA480F62-13A9-4320-8E9D-596A022E31BB}.RelWithDebInfo|Win32.Build.0 = RelWithDebInfo|Win32
		{F8395AD9-67F1-4CB8-8BF5-069442441F41}.Debug|Win32.ActiveCfg = Debug|Win32
		{F8395AD9-67F1-4CB8-8BF5-069442441F41}.Debug|Win32.Build.0 = Debug|Win32
		{F8395AD9-67F1-4CB8-8BF5-069442441F41}.Release|Win32.ActiveCfg = Release|Win32
		{F8395AD9-67F1-4CB8-8BF5-069442441F41}.Release|Win32.Build.0 = Release|Win32
		{F8395AD9-67F1-4CB8-8BF5-069442441F41}.MinSizeRel|Win32.ActiveCfg = MinSizeRel|Win32
		{F8395AD9-67F1-4CB8-8BF5-069442441F41}.MinSizeRel|Win32.Build.0 = MinSizeRel|Win32
		{F8395AD9-67F1-4CB8-8BF5-069442441F41}.RelWithDebInfo|Win32.ActiveCfg = RelWithDebInfo|Win32
		{F8395AD9-67F1-4CB8-8BF5-069442441F41}.RelWithDebInfo|Win32.Build.0 = RelWithDebInfo|Win32
		{AF5CFD02-980F-44A1-A0C5-C8FD1AB58583}.Debug|Win32.ActiveCfg = Debug|Win32
		{AF5CFD02-980F-44A1-A0C5-C8FD1AB58583}.Debug|Win32.Build.0 = Debug|Win32
		{AF5CFD02-980F-44A1-A0C5-C8FD1AB58583}.Release|Win32.ActiveCfg = Release|Win32
		{AF5CFD02-980F-44A1-A0C5-C8FD1AB58583}.Release|Win32.Build.0 = Release|Win32
		{AF5CFD02-980F-44A1-A0C5-C8FD1AB58583}.MinSizeRel|Win32.ActiveCfg = MinSizeRel|Win32
		{AF5CFD02-980F-44A1-A0C5-C8FD1AB58583}.MinSizeRel|Win32.Build.0 = MinSizeRel|Win32
		{AF5CFD02-980F-44A1-A0C5-C8FD1AB58583}.RelWithDebInfo|Win32.ActiveCfg = RelWithDebInfo|Win32
		{AF5CFD02-980F-44A1-A0C5-C8FD1AB58583}.RelWithDebInfo|Win32.Build.0 = RelWithDebInfo|Win32
		{606B81EF-6F88-4973-8BD4-DD23F095F0AB}.Debug|Win32.ActiveCfg = Debug|Win32
		{606B81EF-6F88-4973-8BD4-DD23F095F0AB}.Debug|Win32.Build.0 = Debug|Win32
		{606B81EF-6F88-4973-8BD4-DD23F095F0AB}.Release|Win32.ActiveCfg = Release|Win32
		{606B81EF-6F88-4973-8BD4-DD23F095F0AB}.Release|Win32.Build.0 = Release|Win32
		{606B81EF-6F88-4973-8BD4-DD23F095F0AB}.MinSizeRel|Win32.ActiveCfg = MinSizeRel|Win32
		{606B81EF-6F88-4973-8BD4-DD23F095F0AB}.MinSizeRel|Win32.Build.0 = MinSizeRel|Win32
		{606B81EF-6F88-4973-8BD4-DD23F095F0AB}.RelWithDebInfo|Win32.ActiveCfg = RelWithDebInfo|Win32
		{606B81EF-6F88-4973-8BD4-DD23F095F0AB}.RelWithDebInfo|Win32.Build.0 = RelWithDebInfo|Win32
		{273F5D7E-DAFB-439B-BC21-B9ACE7F87AC0}.Debug|Win32.ActiveCfg = Debug|Win32
		{273F5D7E-DAFB-439B-BC21-B9ACE7F87AC0}.Debug|Win32.Build.0 = Debug|Win32
		{273F5D7E-DAFB-439B-BC21-B9ACE7F87AC0}.Release|Win32.ActiveCfg = Release|Win32
		{273F5D7E-DAFB-439B-BC21-B9ACE7F87AC0}.Release|Win32.Build.0 = Release|Win32
		{273F5D7E-DAFB-439B-BC21-B9ACE7F87AC0}.MinSizeRel|Win32.ActiveCfg = MinSizeRel|Win32
		{273F5D7E-DAFB-439B-BC21-B9ACE7F87AC0}.MinSizeRel|Win32.Build.0 = MinSizeRel|Win32
		{273F5D7E-DAFB-439B-BC21-B9ACE7F87AC0}.RelWithDebInfo|Win32.ActiveCfg = RelWithDebInfo|Win32
		{273F5D7E-DAFB-439B-BC21-B9ACE7F87AC0}.RelWithDebInfo|Win32.Build.0 = RelWithDebInfo|Win32
		{FD7FED2D-8D8A-44A9-BE32-6681DB0EECFF}.Debug|Win32.ActiveCfg = Debug|Win32
		{FD7FED2D-8D8A-44A9-BE32-6681DB0EECFF}.Debug|Win32.Build.0 = Debug|Win32
		{FD7FED2D-8D8A-44A9-BE32-6681DB0EECFF}.Release|Win32.ActiveCfg = Release|Win32
		{FD7FED2D-8D8A-44A9-BE32-6681DB0EECFF}.Release|Win32.Build.0 = Release|Win32
		{FD7FED2D-8D8A-44A9-BE32-6681DB0EECFF}.MinSizeRel|Win32.ActiveCfg = MinSizeRel|Win32
		{FD7FED2D-8D8A-44A9-BE32-6681DB0EECFF}.MinSizeRel|Win32.Build.0 = MinSizeRel|Win32
		{FD7FED2D-8D8A-44A9-BE32-6681DB0EECFF}.RelWithDebInfo|Win32.ActiveCfg = RelWithDebInfo|Win32
		{FD7FED2D-8D8A-44A9-BE32-6681DB0EECFF}.RelWithDebInfo|Win32.Build.0 = RelWithDebInfo|Win32
		{1047FBCA-049A-412C-9DE1-FE9EB529EB38}.Debug|Win32.ActiveCfg = Debug|Win32
		{1047FBCA-049A-412C-9DE1-FE9EB529EB38}.Debug|Win32.Build.0 = Debug|Win32
		{1047FBCA-049A-412C-9DE1-FE9EB529EB38}.Release|Win32.ActiveCfg = Release|Win32
		{1047FBCA-049A-412C-9DE1-FE9EB529EB38}.Release|Win32.Build.0 = Release|Win32
		{1047FBCA-049A-412C-9DE1-FE9EB529EB38}.MinSizeRel|Win32.ActiveCfg = MinSizeRel|Win32
		{1047FBCA-049A-412C-9DE1-FE9EB529EB38}.MinSizeRel|Win32.Build.0 = MinSizeRel|Win32
		{1047FBCA-049A-412C-9DE1-FE9EB529EB38}.RelWithDebInfo|Win32.ActiveCfg = RelWithDebInfo|Win32
		{1047FBCA-049A-412C-9DE1-FE9EB529EB38}.RelWithDebInfo|Win32.Build.0 = RelWithDebInfo|Win32
		{3B24B026-7969-46E2-9485-8D6DCCD74F35}.Debug|Win32.ActiveCfg = Debug|Win32
		{3B24B026-7969-46E2-9485-8D6DCCD74F35}.Debug|Win32.Build.0 = Debug|Win32
		{3B24B026-7969-46E2-9485-8D6DCCD74F35}.Release|Win32.ActiveCfg = Release|Win32
		{3B24B026-7969-46E2-9485-8D6DCCD74F35}.Release|Win32.Build.0 = Release|Win32
		{3B24B026-7969-46E2-9485-8D6DCCD74F35}.MinSizeRel|Win32.ActiveCfg = MinSizeRel|Win32
		{3B24B026-7969-46E2-9485-8D6DCCD74F35}.MinSizeRel|Win32.Build.0 = MinSizeRel|Win32
		{3B24B026-7969-46E2-9485-8D6DCCD74F35}.RelWithDebInfo|Win32.ActiveCfg = RelWithDebInfo|Win32
		{3B24B026-7969-46E2-9485-8D6DCCD74F35}.RelWithDebInfo|Win32.Build.0 = RelWithDebInfo|Win32
		{AAC4A217-ADE0-4F9F-9077-92816C5AA65F}.Debug|Win32.ActiveCfg = Debug|Win32
		{AAC4A217-ADE0-4F9F-9077-92816C5AA65F}.Debug|Win32.Build.0 = Debug|Win32
		{AAC4A217-ADE0-4F9F-9077-92816C5AA65F}.Release|Win32.ActiveCfg = Release|Win32
		{AAC4A217-ADE0-4F9F-9077-92816C5AA65F}.Release|Win32.Build.0 = Release|Win32
		{AAC4A217-ADE0-4F9F-9077-92816C5AA65F}.MinSizeRel|Win32.ActiveCfg = MinSizeRel|Win32
		{AAC4A217-ADE0-4F9F-9077-92816C5AA65F}.MinSizeRel|Win32.Build.0 = MinSizeRel|Win32
		{AAC4A217-ADE0-4F9F-9077-92816C5AA65F}.RelWithDebInfo|Win32.ActiveCfg = RelWithDebInfo|Win32
		{AAC4A217-ADE0-4F9F-9077-92816C5AA65F}.RelWithDebInfo|Win32.Build.0 = RelWithDebInfo|Win32
		{E7540678-16F9-4AB1-8CD4-F089690CF3B1}.Debug|Win32.ActiveCfg = Debug|Win32
		{E7540678-16F9-4AB1-8CD4-F089690CF3B1}.Debug|Win32.Build.0 = Debug|Win32
		{E7540678-16F9-4AB1-8CD4-F089690CF3B1}.Release|Win32.ActiveCfg = Release|Win32
		{E7540678-16F9-4AB1-8CD4-F089690CF3B1}.Release|Win32.Build.0 = Release|Win32
		{E7540678-16F9-4AB1-8CD4-F089690CF3B1}.MinSizeRel|Win32.ActiveCfg = MinSizeRel|Win32
		{E7540678-16F9-4AB1-8CD4-F089690CF3B1}.MinSizeRel|Win32.Build.0 = MinSizeRel|Win32
		{E7540678-16F9-4AB1-8CD4-F089690CF3B1}.RelWithDebInfo|Win32.ActiveCfg = RelWithDebInfo|Win32
		{E7540678-16F9-4AB1-8CD4-F089690CF3B1}.RelWithDebInfo|Win32.Build.0 = RelWithDebInfo|Win32
		{11A80B11-C171-4F28-951F-05C562062991}.Debug|Win32.ActiveCfg = Debug|Win32
		{11A80B11-C171-4F28-951F-05C562062991}.Debug|Win32.Build.0 = Debug|Win32
		{11A80B11-C171-4F28-951F-05C562062991}.Release|Win32.ActiveCfg = Release|Win32
		{11A80B11-C171-4F28-951F-05C562062991}.Release|Win32.Build.0 = Release|Win32
		{11A80B11-C171-4F28-951F-05C562062991}.MinSizeRel|Win32.ActiveCfg = MinSizeRel|Win32
		{11A80B11-C171-4F28-951F-05C562062991}.MinSizeRel|Win32.Build.0 = MinSizeRel|Win32
		{11A80B11-C171-4F28-951F-05C562062991}.RelWithDebInfo|Win32.ActiveCfg = RelWithDebInfo|Win32
		{11A80B11-C171-4F28-951F-05C562062991}.RelWithDebInfo|Win32.Build.0 = RelWithDebInfo|Win32
		{56C7A27C-BFE2-4EEA-BDAC-EA628436C8F2}.Debug|Win32.ActiveCfg = Debug|Win32
		{56C7A27C-BFE2-4EEA-BDAC-EA628436C8F2}.Debug|Win32.Build.0 = Debug|Win32
		{56C7A27C-BFE2-4EEA-BDAC-EA628436C8F2}.Release|Win32.ActiveCfg = Release|Win32
		{56C7A27C-BFE2-4EEA-BDAC-EA628436C8F2}.Release|Win32.Build.0 = Release|Win32
		{56C7A27C-BFE2-4EEA-BDAC-EA628436C8F2}.MinSizeRel|Win32.ActiveCfg = MinSizeRel|Win32
		{56C7A27C-BFE2-4EEA-BDAC-EA628436C8F2}.MinSizeRel|Win32.Build.0 = MinSizeRel|Win32
		{56C7A27C-BFE2-4EEA-BDAC-EA628436C8F2}.RelWithDebInfo|Win32.ActiveCfg = RelWithDebInfo|Win32
		{56C7A27C-BFE2-4EEA-BDAC-EA628436C8F2}.RelWithDebInfo|Win32.Build.0 = RelWithDebInfo|Win32
		{2D610781-24B7-437D-B5D1-25128FFECF6A}.Debug|Win32.ActiveCfg = Debug|Win32
		{2D610781-24B7-437D-B5D1-25128FFECF6A}.Debug|Win32.Build.0 = Debug|Win32
		{2D610781-24B7-437D-B5D1-25128FFECF6A}.Release|Win32.ActiveCfg = Release|Win32
		{2D610781-24B7-437D-B5D1-25128FFECF6A}.Release|Win32.Build.0 = Release|Win32
		{2D610781-24B7-437D-B5D1-25128FFECF6A}.MinSizeRel|Win32.ActiveCfg = MinSizeRel|Win32
		{2D610781-24B7-437D-B5D1-25128FFECF6A}.MinSizeRel|Win32.Build.0 = MinSizeRel|Win32
		{2D610781-24B7-437D-B5D1-25128FFECF6A}.RelWithDebInfo|Win32.ActiveCfg = RelWithDebInfo|Win32
		{2D610781-24B7-437D-B5D1-25128FFECF6A}.RelWithDebInfo|Win32.Build.0 = RelWithDebInfo|Win32
		{3801BF9F-EBD4-453A-B862-A629AC080246}.Debug|Win32.ActiveCfg = Debug|Win32
		{3801BF9F-EBD4-453A-B862-A629AC080246}.Debug|Win32.Build.0 = Debug|Win32
		{3801BF9F-EBD4-453A-B862-A629AC080246}.Release|Win32.ActiveCfg = Release|Win32
		{3801BF9F-EBD4-453A-B862-A629AC080246}.Release|Win32.Build.0 = Release|Win32
		{3801BF9F-EBD4-453A-B862-A629AC080246}.MinSizeRel|Win32.ActiveCfg = MinSizeRel|Win32
		{3801BF9F-EBD4-453A-B862-A629AC080246}.MinSizeRel|Win32.Build.0 = MinSizeRel|Win32
		{3801BF9F-EBD4-453A-B862-A629AC080246}.RelWithDebInfo|Win32.ActiveCfg = RelWithDebInfo|Win32
		{3801BF9F-EBD4-453A-B862-A629AC080246}.RelWithDebInfo|Win32.Build.0 = RelWithDebInfo|Win32
		{15646327-BF0F-4332-910F-93FAD4472D20}.Debug|Win32.ActiveCfg = Debug|Win32
		{15646327-BF0F-4332-910F-93FAD4472D20}.Debug|Win32.Build.0 = Debug|Win32
		{15646327-BF0F-4332-910F-93FAD4472D20}.Release|Win32.ActiveCfg = Release|Win32
		{15646327-BF0F-4332-910F-93FAD4472D20}.Release|Win32.Build.0 = Release|Win32
		{15646327-BF0F-4332-910F-93FAD4472D20}.MinSizeRel|Win32.ActiveCfg = MinSizeRel|Win32
		{15646327-BF0F-4332-910F-93FAD4472D20}.MinSizeRel|Win32.Build.0 = MinSizeRel|Win32
		{15646327-BF0F-4332-910F-93FAD4472D20}.RelWithDebInfo|Win32.ActiveCfg = RelWithDebInfo|Win32
		{15646327-BF0F-4332-910F-93FAD4472D20}.RelWithDebInfo|Win32.Build.0 = RelWithDebInfo|Win32
		{625D7B7E-675B-48E7-9AA7-5F35A183ADBA}.Debug|Win32.ActiveCfg = Debug|Win32
		{625D7B7E-675B-48E7-9AA7-5F35A183ADBA}.Debug|Win32.Build.0 = Debug|Win32
		{625D7B7E-675B-48E7-9AA7-5F35A183ADBA}.Release|Win32.ActiveCfg = Release|Win32
		{625D7B7E-675B-48E7-9AA7-5F35A183ADBA}.Release|Win32.Build.0 = Release|Win32
		{625D7B7E-675B-48E7-9AA7-5F35A183ADBA}.MinSizeRel|Win32.ActiveCfg = MinSizeRel|Win32
		{625D7B7E-675B-48E7-9AA7-5F35A183ADBA}.MinSizeRel|Win32.Build.0 = MinSizeRel|Win32
		{625D7B7E-675B-48E7-9AA7-5F35A183ADBA}.RelWithDebInfo|Win32.ActiveCfg = RelWithDebInfo|Win32
		{625D7B7E-675B-48E7-9AA7-5F35A183ADBA}.RelWithDebInfo|Win32.Build.0 = RelWithDebInfo|Win32
		{E6B8FCE6-29E1-4811-96ED-987121477813}.Debug|Win32.ActiveCfg = Debug|Win32
		{E6B8FCE6-29E1-4811-96ED-987121477813}.Debug|Win32.Build.0 = Debug|Win32
		{E6B8FCE6-29E1-4811-96ED-987121477813}.Release|Win32.ActiveCfg = Release|Win32
		{E6B8FCE6-29E1-4811-96ED-987121477813}.Release|Win32.Build.0 = Release|Win32
		{E6B8FCE6-29E1-4811-96ED-987121477813}.MinSizeRel|Win32.ActiveCfg = MinSizeRel|Win32
		{E6B8FCE6-29E1-4811-96ED-987121477813}.MinSizeRel|Win32.Build.0 = MinSizeRel|Win32
		{E6B8FCE6-29E1-4811-96ED-987121477813}.RelWithDebInfo|Win32.ActiveCfg = RelWithDebInfo|Win32
		{E6B8FCE6-29E1-4811-96ED-987121477813}.RelWithDebInfo|Win32.Build.0 = RelWithDebInfo|Win32
		{762E3B28-05E7-44C8-A4ED-8B136B74840C}.Debug|Win32.ActiveCfg = Debug|Win32
		{762E3B28-05E7-44C8-A4ED-8B136B74840C}.Debug|Win32.Build.0 = Debug|Win32
		{762E3B28-05E7-44C8-A4ED-8B136B74840C}.Release|Win32.ActiveCfg = Release|Win32
		{762E3B28-05E7-44C8-A4ED-8B136B74840C}.Release|Win32.Build.0 = Release|Win32
		{762E3B28-05E7-44C8-A4ED-8B136B74840C}.MinSizeRel|Win32.ActiveCfg = MinSizeRel|Win32
		{762E3B28-05E7-44C8-A4ED-8B136B74840C}.MinSizeRel|Win32.Build.0 = MinSizeRel|Win32
		{762E3B28-05E7-44C8-A4ED-8B136B74840C}.RelWithDebInfo|Win32.ActiveCfg = RelWithDebInfo|Win32
		{762E3B28-05E7-44C8-A4ED-8B136B74840C}.RelWithDebInfo|Win32.Build.0 = RelWithDebInfo|Win32
		{0546CE4F-C147-4729-B88F-5D192F86CF27}.Debug|Win32.ActiveCfg = Debug|Win32
		{0546CE4F-C147-4729-B88F-5D192F86CF27}.Debug|Win32.Build.0 = Debug|Win32
		{0546CE4F-C147-4729-B88F-5D192F86CF27}.Release|Win32.ActiveCfg = Release|Win32
		{0546CE4F-C147-4729-B88F-5D192F86CF27}.Release|Win32.Build.0 = Release|Win32
		{0546CE4F-C147-4729-B88F-5D192F86CF27}.MinSizeRel|Win32.ActiveCfg = MinSizeRel|Win32
		{0546CE4F-C147-4729-B88F-5D192F86CF27}.MinSizeRel|Win32.Build.0 = MinSizeRel|Win32
		{0546CE4F-C147-4729-B88F-5D192F86CF27}.RelWithDebInfo|Win32.ActiveCfg = RelWithDebInfo|Win32
		{0546CE4F-C147-4729-B88F-5D192F86CF27}.RelWithDebInfo|Win32.Build.0 = RelWithDebInfo|Win32
		{B3037F80-BD82-4ADC-B74F-98F10B55D998}.Debug|Win32.ActiveCfg = Debug|Win32
		{B3037F80-BD82-4ADC-B74F-98F10B55D998}.Debug|Win32.Build.0 = Debug|Win32
		{B3037F80-BD82-4ADC-B74F-98F10B55D998}.Release|Win32.ActiveCfg = Release|Win32
		{B3037F80-BD82-4ADC-B74F-98F10B55D998}.Release|Win32.Build.0 = Release|Win32
		{B3037F80-BD82-4ADC-B74F-98F10B55D998}.MinSizeRel|Win32.ActiveCfg = MinSizeRel|Win32
		{B3037F80-BD82-4ADC-B74F-98F10B55D998}.MinSizeRel|Win32.Build.0 = MinSizeRel|Win32
		{B3037F80-BD82-4ADC-B74F-98F10B55D998}.RelWithDebInfo|Win32.ActiveCfg = RelWithDebInfo|Win32
		{B3037F80-BD82-4ADC-B74F-98F10B55D998}.RelWithDebInfo|Win32.Build.0 = RelWithDebInfo|Win32
		{04847A5B-9153-463F-A1E6-CDA8F2E9EAE5}.Debug|Win32.ActiveCfg = Debug|Win32
		{04847A5B-9153-463F-A1E6-CDA8F2E9EAE5}.Debug|Win32.Build.0 = Debug|Win32
		{04847A5B-9153-463F-A1E6-CDA8F2E9EAE5}.Release|Win32.ActiveCfg = Release|Win32
		{04847A5B-9153-463F-A1E6-CDA8F2E9EAE5}.Release|Win32.Build.0 = Release|Win32
		{04847A5B-9153-463F-A1E6-CDA8F2E9EAE5}.MinSizeRel|Win32.ActiveCfg = MinSizeRel|Win32
		{04847A5B-9153-463F-A1E6-CDA8F2E9EAE5}.MinSizeRel|Win32.Build.0 = MinSizeRel|Win32
		{04847A5B-9153-463F-A1E6-CDA8F2E9EAE5}.RelWithDebInfo|Win32.ActiveCfg = RelWithDebInfo|Win32
		{04847A5B-9153-463F-A1E6-CDA8F2E9EAE5}.RelWithDebInfo|Win32.Build.0 = RelWithDebInfo|Win32
		{B378D6DA-2A34-4554-BB01-6E33D83AD4B4}.Debug|Win32.ActiveCfg = Debug|Win32
		{B378D6DA-2A34-4554-BB01-6E33D83AD4B4}.Debug|Win32.Build.0 = Debug|Win32
		{B378D6DA-2A34-4554-BB01-6E33D83AD4B4}.Release|Win32.ActiveCfg = Release|Win32
		{B378D6DA-2A34-4554-BB01-6E33D83AD4B4}.Release|Win32.Build.0 = Release|Win32
		{B378D6DA-2A34-4554-BB01-6E33D83AD4B4}.MinSizeRel|Win32.ActiveCfg = MinSizeRel|Win32
		{B378D6DA-2A34-4554-BB01-6E33D83AD4B4}.MinSizeRel|Win32.Build.0 = MinSizeRel|Win32
		{B378D6DA-2A34-4554-BB01-6E33D83AD4B4}.RelWithDebInfo|Win32.ActiveCfg = RelWithDebInfo|Win32
		{B378D6DA-2A34-4554-BB01-6E33D83AD4B4}.RelWithDebInfo|Win32.Build.0 = RelWithDebInfo|Win32
		{49D8E01D-44C4-4364-91AC-E70D35F270A3}.Debug|Win32.ActiveCfg = Debug|Win32
		{49D8E01D-44C4-4364-91AC-E70D35F270A3}.Debug|Win32.Build.0 = Debug|Win32
		{49D8E01D-44C4-4364-91AC-E70D35F270A3}.Release|Win32.ActiveCfg = Release|Win32
		{49D8E01D-44C4-4364-91AC-E70D35F270A3}.Release|Win32.Build.0 = Release|Win32
		{49D8E01D-44C4-4364-91AC-E70D35F270A3}.MinSizeRel|Win32.ActiveCfg = MinSizeRel|Win32
		{49D8E01D-44C4-4364-91AC-E70D35F270A3}.MinSizeRel|Win32.Build.0 = MinSizeRel|Win32
		{49D8E01D-44C4-4364-91AC-E70D35F270A3}.RelWithDebInfo|Win32.ActiveCfg = RelWithDebInfo|Win32
		{49D8E01D-44C4-4364-91AC-E70D35F270A3}.RelWithDebInfo|Win32.Build.0 = RelWithDebInfo|Win32
		{88921A01-B5E9-4BD3-8D84-FC7740223600}.Debug|Win32.ActiveCfg = Debug|Win32
		{88921A01-B5E9-4BD3-8D84-FC7740223600}.Debug|Win32.Build.0 = Debug|Win32
		{88921A01-B5E9-4BD3-8D84-FC7740223600}.Release|Win32.ActiveCfg = Release|Win32
		{88921A01-B5E9-4BD3-8D84-FC7740223600}.Release|Win32.Build.0 = Release|Win32
		{88921A01-B5E9-4BD3-8D84-FC7740223600}.MinSizeRel|Win32.ActiveCfg = MinSizeRel|Win32
		{88921A01-B5E9-4BD3-8D84-FC7740223600}.MinSizeRel|Win32.Build.0 = MinSizeRel|Win32
		{88921A01-B5E9-4BD3-8D84-FC7740223600}.RelWithDebInfo|Win32.ActiveCfg = RelWithDebInfo|Win32
		{88921A01-B5E9-4BD3-8D84-FC7740223600}.RelWithDebInfo|Win32.Build.0 = RelWithDebInfo|Win32
		{0DE9FFF9-8C42-4262-9167-AE709F55F8D8}.Debug|Win32.ActiveCfg = Debug|Win32
		{0DE9FFF9-8C42-4262-9167-AE709F55F8D8}.Debug|Win32.Build.0 = Debug|Win32
		{0DE9FFF9-8C42-4262-9167-AE709F55F8D8}.Release|Win32.ActiveCfg = Release|Win32
		{0DE9FFF9-8C42-4262-9167-AE709F55F8D8}.Release|Win32.Build.0 = Release|Win32
		{0DE9FFF9-8C42-4262-9167-AE709F55F8D8}.MinSizeRel|Win32.ActiveCfg = MinSizeRel|Win32
		{0DE9FFF9-8C42-4262-9167-AE709F55F8D8}.MinSizeRel|Win32.Build.0 = MinSizeRel|Win32
		{0DE9FFF9-8C42-4262-9167-AE709F55F8D8}.RelWithDebInfo|Win32.ActiveCfg = RelWithDebInfo|Win32
		{0DE9FFF9-8C42-4262-9167-AE709F55F8D8}.RelWithDebInfo|Win32.Build.0 = RelWithDebInfo|Win32
		{CBAFC9BA-611A-4242-89AA-E36786C9514E}.Debug|Win32.ActiveCfg = Debug|Win32
		{CBAFC9BA-611A-4242-89AA-E36786C9514E}.Debug|Win32.Build.0 = Debug|Win32
		{CBAFC9BA-611A-4242-89AA-E36786C9514E}.Release|Win32.ActiveCfg = Release|Win32
		{CBAFC9BA-611A-4242-89AA-E36786C9514E}.Release|Win32.Build.0 = Release|Win32
		{CBAFC9BA-611A-4242-89AA-E36786C9514E}.MinSizeRel|Win32.ActiveCfg = MinSizeRel|Win32
		{CBAFC9BA-611A-4242-89AA-E36786C9514E}.MinSizeRel|Win32.Build.0 = MinSizeRel|Win32
		{CBAFC9BA-611A-4242-89AA-E36786C9514E}.RelWithDebInfo|Win32.ActiveCfg = RelWithDebInfo|Win32
		{CBAFC9BA-611A-4242-89AA-E36786C9514E}.RelWithDebInfo|Win32.Build.0 = RelWithDebInfo|Win32
		{D9306BA4-E252-41DE-B703-ABEDCCF9AE87}.Debug|Win32.ActiveCfg = Debug|Win32
		{D9306BA4-E252-41DE-B703-ABEDCCF9AE87}.Debug|Win32.Build.0 = Debug|Win32
		{D9306BA4-E252-41DE-B703-ABEDCCF9AE87}.Release|Win32.ActiveCfg = Release|Win32
		{D9306BA4-E252-41DE-B703-ABEDCCF9AE87}.Release|Win32.Build.0 = Release|Win32
		{D9306BA4-E252-41DE-B703-ABEDCCF9AE87}.MinSizeRel|Win32.ActiveCfg = MinSizeRel|Win32
		{D9306BA4-E252-41DE-B703-ABEDCCF9AE87}.MinSizeRel|Win32.Build.0 = MinSizeRel|Win32
		{D9306BA4-E252-41DE-B703-ABEDCCF9AE87}.RelWithDebInfo|Win32.ActiveCfg = RelWithDebInfo|Win32
		{D9306BA4-E252-41DE-B703-ABEDCCF9AE87}.RelWithDebInfo|Win32.Build.0 = RelWithDebInfo|Win32
		{AFB9135B-5F22-4BE6-8DB0-3C0651C5198F}.Debug|Win32.ActiveCfg = Debug|Win32
		{AFB9135B-5F22-4BE6-8DB0-3C0651C5198F}.Debug|Win32.Build.0 = Debug|Win32
		{AFB9135B-5F22-4BE6-8DB0-3C0651C5198F}.Release|Win32.ActiveCfg = Release|Win32
		{AFB9135B-5F22-4BE6-8DB0-3C0651C5198F}.Release|Win32.Build.0 = Release|Win32
		{AFB9135B-5F22-4BE6-8DB0-3C0651C5198F}.MinSizeRel|Win32.ActiveCfg = MinSizeRel|Win32
		{AFB9135B-5F22-4BE6-8DB0-3C0651C5198F}.MinSizeRel|Win32.Build.0 = MinSizeRel|Win32
		{AFB9135B-5F22-4BE6-8DB0-3C0651C5198F}.RelWithDebInfo|Win32.ActiveCfg = RelWithDebInfo|Win32
		{AFB9135B-5F22-4BE6-8DB0-3C0651C5198F}.RelWithDebInfo|Win32.Build.0 = RelWithDebInfo|Win32
		{E9213137-8AA2-44FF-9267-FC009A696A41}.Debug|Win32.ActiveCfg = Debug|Win32
		{E9213137-8AA2-44FF-9267-FC009A696A41}.Debug|Win32.Build.0 = Debug|Win32
		{E9213137-8AA2-44FF-9267-FC009A696A41}.Release|Win32.ActiveCfg = Release|Win32
		{E9213137-8AA2-44FF-9267-FC009A696A41}.Release|Win32.Build.0 = Release|Win32
		{E9213137-8AA2-44FF-9267-FC009A696A41}.MinSizeRel|Win32.ActiveCfg = MinSizeRel|Win32
		{E9213137-8AA2-44FF-9267-FC009A696A41}.MinSizeRel|Win32.Build.0 = MinSizeRel|Win32
		{E9213137-8AA2-44FF-9267-FC009A696A41}.RelWithDebInfo|Win32.ActiveCfg = RelWithDebInfo|Win32
		{E9213137-8AA2-44FF-9267-FC009A696A41}.RelWithDebInfo|Win32.Build.0 = RelWithDebInfo|Win32
		{5FB6546F-D213-4D85-B1B3-A5D10D169A95}.Debug|Win32.ActiveCfg = Debug|Win32
		{5FB6546F-D213-4D85-B1B3-A5D10D169A95}.Debug|Win32.Build.0 = Debug|Win32
		{5FB6546F-D213-4D85-B1B3-A5D10D169A95}.Release|Win32.ActiveCfg = Release|Win32
		{5FB6546F-D213-4D85-B1B3-A5D10D169A95}.Release|Win32.Build.0 = Release|Win32
		{5FB6546F-D213-4D85-B1B3-A5D10D169A95}.MinSizeRel|Win32.ActiveCfg = MinSizeRel|Win32
		{5FB6546F-D213-4D85-B1B3-A5D10D169A95}.MinSizeRel|Win32.Build.0 = MinSizeRel|Win32
		{5FB6546F-D213-4D85-B1B3-A5D10D169A95}.RelWithDebInfo|Win32.ActiveCfg = RelWithDebInfo|Win32
		{5FB6546F-D213-4D85-B1B3-A5D10D169A95}.RelWithDebInfo|Win32.Build.0 = RelWithDebInfo|Win32
		{B532D41C-D3E2-4BFB-9A77-C64281D214A0}.Debug|Win32.ActiveCfg = Debug|Win32
		{B532D41C-D3E2-4BFB-9A77-C64281D214A0}.Debug|Win32.Build.0 = Debug|Win32
		{B532D41C-D3E2-4BFB-9A77-C64281D214A0}.Release|Win32.ActiveCfg = Release|Win32
		{B532D41C-D3E2-4BFB-9A77-C64281D214A0}.Release|Win32.Build.0 = Release|Win32
		{B532D41C-D3E2-4BFB-9A77-C64281D214A0}.MinSizeRel|Win32.ActiveCfg = MinSizeRel|Win32
		{B532D41C-D3E2-4BFB-9A77-C64281D214A0}.MinSizeRel|Win32.Build.0 = MinSizeRel|Win32
		{B532D41C-D3E2-4BFB-9A77-C64281D214A0}.RelWithDebInfo|Win32.ActiveCfg = RelWithDebInfo|Win32
		{B532D41C-D3E2-4BFB-9A77-C64281D214A0}.RelWithDebInfo|Win32.Build.0 = RelWithDebInfo|Win32
		{B722B4E1-F715-41CD-A7C9-CCF02F62944E}.Debug|Win32.ActiveCfg = Debug|Win32
		{B722B4E1-F715-41CD-A7C9-CCF02F62944E}.Debug|Win32.Build.0 = Debug|Win32
		{B722B4E1-F715-41CD-A7C9-CCF02F62944E}.Release|Win32.ActiveCfg = Release|Win32
		{B722B4E1-F715-41CD-A7C9-CCF02F62944E}.Release|Win32.Build.0 = Release|Win32
		{B722B4E1-F715-41CD-A7C9-CCF02F62944E}.MinSizeRel|Win32.ActiveCfg = MinSizeRel|Win32
		{B722B4E1-F715-41CD-A7C9-CCF02F62944E}.MinSizeRel|Win32.Build.0 = MinSizeRel|Win32
		{B722B4E1-F715-41CD-A7C9-CCF02F62944E}.RelWithDebInfo|Win32.ActiveCfg = RelWithDebInfo|Win32
		{B722B4E1-F715-41CD-A7C9-CCF02F62944E}.RelWithDebInfo|Win32.Build.0 = RelWithDebInfo|Win32
		{65E9F9D8-21F2-4BFA-AE0C-C88F58626399}.Debug|Win32.ActiveCfg = Debug|Win32
		{65E9F9D8-21F2-4BFA-AE0C-C88F58626399}.Debug|Win32.Build.0 = Debug|Win32
		{65E9F9D8-21F2-4BFA-AE0C-C88F58626399}.Release|Win32.ActiveCfg = Release|Win32
		{65E9F9D8-21F2-4BFA-AE0C-C88F58626399}.Release|Win32.Build.0 = Release|Win32
		{65E9F9D8-21F2-4BFA-AE0C-C88F58626399}.MinSizeRel|Win32.ActiveCfg = MinSizeRel|Win32
		{65E9F9D8-21F2-4BFA-AE0C-C88F58626399}.MinSizeRel|Win32.Build.0 = MinSizeRel|Win32
		{65E9F9D8-21F2-4BFA-AE0C-C88F58626399}.RelWithDebInfo|Win32.ActiveCfg = RelWithDebInfo|Win32
		{65E9F9D8-21F2-4BFA-AE0C-C88F58626399}.RelWithDebInfo|Win32.Build.0 = RelWithDebInfo|Win32
		{4C97BB70-91F1-4666-A5E4-7C3654994F2A}.Debug|Win32.ActiveCfg = Debug|Win32
		{4C97BB70-91F1-4666-A5E4-7C3654994F2A}.Debug|Win32.Build.0 = Debug|Win32
		{4C97BB70-91F1-4666-A5E4-7C3654994F2A}.Release|Win32.ActiveCfg = Release|Win32
		{4C97BB70-91F1-4666-A5E4-7C3654994F2A}.Release|Win32.Build.0 = Release|Win32
		{4C97BB70-91F1-4666-A5E4-7C3654994F2A}.MinSizeRel|Win32.ActiveCfg = MinSizeRel|Win32
		{4C97BB70-91F1-4666-A5E4-7C3654994F2A}.MinSizeRel|Win32.Build.0 = MinSizeRel|Win32
		{4C97BB70-91F1-4666-A5E4-7C3654994F2A}.RelWithDebInfo|Win32.ActiveCfg = RelWithDebInfo|Win32
		{4C97BB70-91F1-4666-A5E4-7C3654994F2A}.RelWithDebInfo|Win32.Build.0 = RelWithDebInfo|Win32
		{B840F23D-329A-4863-9E23-77E00F2A6C82}.Debug|Win32.ActiveCfg = Debug|Win32
		{B840F23D-329A-4863-9E23-77E00F2A6C82}.Debug|Win32.Build.0 = Debug|Win32
		{B840F23D-329A-4863-9E23-77E00F2A6C82}.Release|Win32.ActiveCfg = Release|Win32
		{B840F23D-329A-4863-9E23-77E00F2A6C82}.Release|Win32.Build.0 = Release|Win32
		{B840F23D-329A-4863-9E23-77E00F2A6C82}.MinSizeRel|Win32.ActiveCfg = MinSizeRel|Win32
		{B840F23D-329A-4863-9E23-77E00F2A6C82}.MinSizeRel|Win32.Build.0 = MinSizeRel|Win32
		{B840F23D-329A-4863-9E23-77E00F2A6C82}.RelWithDebInfo|Win32.ActiveCfg = RelWithDebInfo|Win32
		{B840F23D-329A-4863-9E23-77E00F2A6C82}.RelWithDebInfo|Win32.Build.0 = RelWithDebInfo|Win32
		{0E1D381A-28E2-46AF-BE6B-8F60CA6ED547}.Debug|Win32.ActiveCfg = Debug|Win32
		{0E1D381A-28E2-46AF-BE6B-8F60CA6ED547}.Debug|Win32.Build.0 = Debug|Win32
		{0E1D381A-28E2-46AF-BE6B-8F60CA6ED547}.Release|Win32.ActiveCfg = Release|Win32
		{0E1D381A-28E2-46AF-BE6B-8F60CA6ED547}.Release|Win32.Build.0 = Release|Win32
		{0E1D381A-28E2-46AF-BE6B-8F60CA6ED547}.MinSizeRel|Win32.ActiveCfg = MinSizeRel|Win32
		{0E1D381A-28E2-46AF-BE6B-8F60CA6ED547}.MinSizeRel|Win32.Build.0 = MinSizeRel|Win32
		{0E1D381A-28E2-46AF-BE6B-8F60CA6ED547}.RelWithDebInfo|Win32.ActiveCfg = RelWithDebInfo|Win32
		{0E1D381A-28E2-46AF-BE6B-8F60CA6ED547}.RelWithDebInfo|Win32.Build.0 = RelWithDebInfo|Win32
	EndGlobalSection
	GlobalSection(ExtensibilityGlobals) = postSolution
	EndGlobalSection
	GlobalSection(ExtensibilityAddIns) = postSolution
	EndGlobalSection
EndGlobal
